
Microsoft Visual Studio Solution File, Format Version 12.00
# Visual Studio 2012
Project("{2150E333-8FDC-42A3-9474-1A3956D46DE8}") = "Solution Items", "Solution Items", "{573E4E88-259A-4005-BABC-5CADFFCD8C68}"
	ProjectSection(SolutionItems) = preProject
		Drone.vsmdi = Drone.vsmdi
		Local.testsettings = Local.testsettings
		TraceAndTestImpact.testsettings = TraceAndTestImpact.testsettings
	EndProjectSection
EndProject
Project("{FAE04EC0-301F-11D3-BF4B-00C04F79EFBC}") = "Drone.API.Facebook", "Drone.API.Facebook\Drone.API.Facebook.csproj", "{2455CA56-2B61-4F88-9F92-BDF6B82AF8D5}"
EndProject
Project("{FAE04EC0-301F-11D3-BF4B-00C04F79EFBC}") = "Drone.API.Twitter", "Drone.API.Twitter\Drone.API.Twitter.csproj", "{F689AC7F-F4C0-4F4C-9CB1-A092CA416AAB}"
EndProject
Project("{FAE04EC0-301F-11D3-BF4B-00C04F79EFBC}") = "Drone.Core", "Drone.Core\Drone.Core.csproj", "{724FAE18-ED6D-4625-AC6B-2A4041A8FC0E}"
EndProject
Project("{FAE04EC0-301F-11D3-BF4B-00C04F79EFBC}") = "Drone.Facebook", "Drone.Facebook\Drone.Facebook.csproj", "{A113E506-60E1-41A4-9131-D1787CC1AAD8}"
EndProject
Project("{FAE04EC0-301F-11D3-BF4B-00C04F79EFBC}") = "Drone.Manager", "Drone.Manager\Drone.Manager.csproj", "{12DF38ED-C924-48FB-A9C6-C727D2ECBECD}"
EndProject
Project("{FAE04EC0-301F-11D3-BF4B-00C04F79EFBC}") = "Drone.Test", "Drone.Test\Drone.Test.csproj", "{F4021C5F-F2E7-4056-930D-E63579849E5C}"
EndProject
Project("{FAE04EC0-301F-11D3-BF4B-00C04F79EFBC}") = "Drone.Twitter", "Drone.Twitter\Drone.Twitter.csproj", "{C3A00032-268D-4CEF-BF02-305C5098FCF9}"
EndProject
Project("{2150E333-8FDC-42A3-9474-1A3956D46DE8}") = "API", "API", "{E1B65AFA-2CDD-445D-996B-ED0F6BAD5757}"
EndProject
Project("{2150E333-8FDC-42A3-9474-1A3956D46DE8}") = "Core", "Core", "{3A3FFF37-6AA4-4588-A790-6AA8679E3069}"
EndProject
Project("{2150E333-8FDC-42A3-9474-1A3956D46DE8}") = "Tests", "Tests", "{3C8AE45D-340A-4E54-8AC6-3866E85FED1D}"
EndProject
Project("{FAE04EC0-301F-11D3-BF4B-00C04F79EFBC}") = "Drone.Data", "Drone.Data\Drone.Data.csproj", "{5C871E84-B68B-4A31-826A-D902F5C7FBA1}"
EndProject
Project("{FAE04EC0-301F-11D3-BF4B-00C04F79EFBC}") = "Drone.Service", "Drone.Service\Drone.Service.csproj", "{DA9A0EF4-223A-4C62-96A1-6AD4D65707A6}"
EndProject
Project("{FAE04EC0-301F-11D3-BF4B-00C04F79EFBC}") = "Drone.API.Crunchbase", "Drone.API.Crunchbase\Drone.API.Crunchbase.csproj", "{C2504CD2-0D8B-4CDC-9FFB-F377348B1107}"
EndProject
Project("{FAE04EC0-301F-11D3-BF4B-00C04F79EFBC}") = "Drone.MarketShare", "Drone.MarketShare\Drone.MarketShare.csproj", "{80B812DB-0FF8-4E98-B37E-A3CE1BF400AF}"
EndProject
Project("{FAE04EC0-301F-11D3-BF4B-00C04F79EFBC}") = "Drone.API.Dig", "Drone.API.Dig\Drone.API.Dig.csproj", "{77742DD2-F292-4B7E-AB50-457453D6B0C8}"
EndProject
Project("{FAE04EC0-301F-11D3-BF4B-00C04F79EFBC}") = "Drone.Data.Queue", "Drone.Data.Queue\Drone.Data.Queue.csproj", "{AC54AD63-6193-4049-B29A-D197771D165B}"
EndProject
Project("{FAE04EC0-301F-11D3-BF4B-00C04F79EFBC}") = "Drone.Shared", "Drone.Shared\Drone.Shared.csproj", "{2A9965DD-1B4B-4254-95E1-6C68EB2D3626}"
EndProject
Project("{FAE04EC0-301F-11D3-BF4B-00C04F79EFBC}") = "Drone.API.YouTube", "Drone.API.YouTube\Drone.API.YouTube.csproj", "{2737ED4F-372C-4DDE-9094-5A7EA06994AF}"
EndProject
Project("{FAE04EC0-301F-11D3-BF4B-00C04F79EFBC}") = "Drone.YouTube", "Drone.YouTube\Drone.YouTube.csproj", "{407B0B57-E6F1-4B42-9851-82CAE0852160}"
EndProject
Project("{FAE04EC0-301F-11D3-BF4B-00C04F79EFBC}") = "Drone.API.MarketAnalysis", "Drone.API.MarketAnalysis\Drone.API.MarketAnalysis.csproj", "{A880C34E-3363-4604-A27D-88DF30F7FE68}"
EndProject
Project("{FAE04EC0-301F-11D3-BF4B-00C04F79EFBC}") = "Drone.Crunchbase", "Drone.Crunchbase\Drone.Crunchbase.csproj", "{A339C265-0C65-4AAF-A2D2-FA870779633C}"
EndProject
Project("{2150E333-8FDC-42A3-9474-1A3956D46DE8}") = "Entities", "Entities", "{230AD726-FE0C-4473-9EBE-9709211794C7}"
EndProject
Project("{FAE04EC0-301F-11D3-BF4B-00C04F79EFBC}") = "Drone.Entities.Crunchbase", "Drone.Entities.Crunchbase\Drone.Entities.Crunchbase.csproj", "{6E973B8B-E867-49D9-89E6-30201CF473E9}"
EndProject
Project("{FAE04EC0-301F-11D3-BF4B-00C04F79EFBC}") = "Drone.Entities.Facebook", "Drone.Entities.Facebook\Drone.Entities.Facebook.csproj", "{204BB520-11E7-4F1B-A833-AE9938E85E5D}"
EndProject
Project("{FAE04EC0-301F-11D3-BF4B-00C04F79EFBC}") = "Drone.Entities.MarketShare", "Drone.Entities.MarketShare\Drone.Entities.MarketShare.csproj", "{7F550D4B-8B0A-4682-AFDA-5FB22472B781}"
EndProject
Project("{FAE04EC0-301F-11D3-BF4B-00C04F79EFBC}") = "Drone.Entities.Twitter", "Drone.Entities.Twitter\Drone.Entities.Twitter.csproj", "{A1085412-3BAD-48B1-A3D2-D25522D42BD3}"
EndProject
Project("{FAE04EC0-301F-11D3-BF4B-00C04F79EFBC}") = "Drone.Entities.YouTube", "Drone.Entities.YouTube\Drone.Entities.YouTube.csproj", "{1040CEC2-FDCE-4E6B-9973-0AFE94F21671}"
EndProject
Project("{FAE04EC0-301F-11D3-BF4B-00C04F79EFBC}") = "Drone.QueueProcessor", "Drone.QueueProcessor\Drone.QueueProcessor.csproj", "{C4ADB4F4-21EA-4DA9-BEF3-D8ED137386A0}"
EndProject
Project("{FAE04EC0-301F-11D3-BF4B-00C04F79EFBC}") = "Drone.WebAPI", "Drone.WebAPI\Drone.WebAPI.csproj", "{59F8AD24-E614-4796-8360-2161D1D8105B}"
EndProject
Project("{FAE04EC0-301F-11D3-BF4B-00C04F79EFBC}") = "Drone.WebAPI.Interfaces", "Drone.WebAPI.Interfaces\Drone.WebAPI.Interfaces.csproj", "{BFF40856-C6A0-42DA-8A9C-165F7AE26024}"
EndProject
Project("{FAE04EC0-301F-11D3-BF4B-00C04F79EFBC}") = "Drone.WebAPI.Services", "Drone.WebAPI.Services\Drone.WebAPI.Services.csproj", "{DDD543F9-801A-4F19-8925-DFE269DB0240}"
EndProject
Project("{2150E333-8FDC-42A3-9474-1A3956D46DE8}") = "Processors", "Processors", "{C1A7A0AB-EBF4-4C58-A2AB-A43F1FC6EEEA}"
EndProject
Project("{2150E333-8FDC-42A3-9474-1A3956D46DE8}") = "WebAPI", "WebAPI", "{0942F661-0751-4F68-BF07-73F4722EDA11}"
EndProject
Project("{FAE04EC0-301F-11D3-BF4B-00C04F79EFBC}") = "Drone.Entities.WebAPI", "Drone.Entities.WebAPI\Drone.Entities.WebAPI.csproj", "{BDCE53B0-1F96-410F-A6C1-778D0649B572}"
EndProject
Project("{FAE04EC0-301F-11D3-BF4B-00C04F79EFBC}") = "Drone.Entities.Portfolio", "Drone.Entities.Portfolio\Drone.Entities.Portfolio.csproj", "{6F6E82AA-6A02-4E95-9DDF-CE7C8BDB7C1C}"
EndProject
Project("{FAE04EC0-301F-11D3-BF4B-00C04F79EFBC}") = "Drone.Entities.Twitter.v11", "Drone.Entities.Twitter.v11\Drone.Entities.Twitter.v11.csproj", "{E1C2E738-C4F6-407E-92A4-26A71FF102DA}"
EndProject
Project("{FAE04EC0-301F-11D3-BF4B-00C04F79EFBC}") = "Drone.API.DNS", "Drone.API.DNS\Drone.API.DNS.csproj", "{BC737490-209B-4D0D-9EBE-65F299256D12}"
EndProject
Project("{FAE04EC0-301F-11D3-BF4B-00C04F79EFBC}") = "Drone.Scheduler", "Drone.Scheduler\Drone.Scheduler.csproj", "{80927DC5-D78A-4B90-A292-69735C1BBE85}"
EndProject
Global
	GlobalSection(TeamFoundationVersionControl) = preSolution
		SccNumberOfProjects = 33
		SccEnterpriseProvider = {4CA58AB2-18FA-4F8D-95D4-32DDF27D184C}
		SccTeamFoundationServer = http://tfs2010:8080/tfs/gd
		SccLocalPath0 = .
		SccProjectUniqueName1 = Drone.API.Crunchbase\\Drone.API.Crunchbase.csproj
		SccProjectTopLevelParentUniqueName1 = Drone_V3.sln
		SccProjectName1 = Drone.API.Crunchbase
		SccLocalPath1 = Drone.API.Crunchbase
		SccProjectUniqueName2 = Drone.API.Dig\\Drone.API.Dig.csproj
		SccProjectTopLevelParentUniqueName2 = Drone_V3.sln
		SccProjectName2 = Drone.API.Dig
		SccLocalPath2 = Drone.API.Dig
		SccProjectUniqueName3 = Drone.API.Facebook\\Drone.API.Facebook.csproj
		SccProjectTopLevelParentUniqueName3 = Drone_V3.sln
		SccProjectName3 = Drone.API.Facebook
		SccLocalPath3 = Drone.API.Facebook
		SccProjectUniqueName4 = Drone.API.MarketAnalysis\\Drone.API.MarketAnalysis.csproj
		SccProjectTopLevelParentUniqueName4 = Drone_V3.sln
		SccProjectName4 = Drone.API.MarketAnalysis
		SccLocalPath4 = Drone.API.MarketAnalysis
		SccProjectUniqueName5 = Drone.API.Twitter\\Drone.API.Twitter.csproj
		SccProjectTopLevelParentUniqueName5 = Drone_V3.sln
		SccProjectName5 = Drone.API.Twitter
		SccLocalPath5 = Drone.API.Twitter
		SccProjectUniqueName6 = Drone.API.YouTube\\Drone.API.YouTube.csproj
		SccProjectTopLevelParentUniqueName6 = Drone_V3.sln
		SccProjectName6 = Drone.API.YouTube
		SccLocalPath6 = Drone.API.YouTube
		SccProjectUniqueName7 = Drone.Core\\Drone.Core.csproj
		SccProjectTopLevelParentUniqueName7 = Drone_V3.sln
		SccProjectName7 = Drone.Core
		SccLocalPath7 = Drone.Core
		SccProjectUniqueName8 = Drone.Data\\Drone.Data.csproj
		SccProjectTopLevelParentUniqueName8 = Drone_V3.sln
		SccProjectName8 = Drone.Data
		SccLocalPath8 = Drone.Data
		SccProjectUniqueName9 = Drone.Data.Queue\\Drone.Data.Queue.csproj
		SccProjectTopLevelParentUniqueName9 = Drone_V3.sln
		SccProjectName9 = Drone.Data.Queue
		SccLocalPath9 = Drone.Data.Queue
		SccProjectUniqueName10 = Drone.Manager\\Drone.Manager.csproj
		SccProjectTopLevelParentUniqueName10 = Drone_V3.sln
		SccProjectName10 = Drone.Manager
		SccLocalPath10 = Drone.Manager
		SccProjectUniqueName11 = Drone.Service\\Drone.Service.csproj
		SccProjectTopLevelParentUniqueName11 = Drone_V3.sln
		SccProjectName11 = Drone.Service
		SccLocalPath11 = Drone.Service
		SccProjectUniqueName12 = Drone.Shared\\Drone.Shared.csproj
		SccProjectTopLevelParentUniqueName12 = Drone_V3.sln
		SccProjectName12 = Drone.Shared
		SccLocalPath12 = Drone.Shared
		SccProjectUniqueName13 = Drone.Test\\Drone.Test.csproj
		SccProjectTopLevelParentUniqueName13 = Drone_V3.sln
		SccProjectName13 = Drone.Test
		SccLocalPath13 = Drone.Test
		SccProjectUniqueName14 = Drone.Crunchbase\\Drone.Crunchbase.csproj
		SccProjectTopLevelParentUniqueName14 = Drone_V3.sln
		SccProjectName14 = Drone.Crunchbase
		SccLocalPath14 = Drone.Crunchbase
		SccProjectUniqueName15 = Drone.Facebook\\Drone.Facebook.csproj
		SccProjectTopLevelParentUniqueName15 = Drone_V3.sln
		SccProjectName15 = Drone.Facebook
		SccLocalPath15 = Drone.Facebook
		SccProjectUniqueName16 = Drone.MarketShare\\Drone.MarketShare.csproj
		SccProjectTopLevelParentUniqueName16 = Drone_V3.sln
		SccProjectName16 = Drone.MarketShare
		SccLocalPath16 = Drone.MarketShare
		SccProjectUniqueName17 = Drone.Twitter\\Drone.Twitter.csproj
		SccProjectTopLevelParentUniqueName17 = Drone_V3.sln
		SccProjectName17 = Drone.Twitter
		SccLocalPath17 = Drone.Twitter
		SccProjectUniqueName18 = Drone.YouTube\\Drone.YouTube.csproj
		SccProjectTopLevelParentUniqueName18 = Drone_V3.sln
		SccProjectName18 = Drone.YouTube
		SccLocalPath18 = Drone.YouTube
		SccProjectUniqueName19 = Drone.Entities.Crunchbase\\Drone.Entities.Crunchbase.csproj
		SccProjectTopLevelParentUniqueName19 = Drone_V3.sln
		SccProjectName19 = Drone.Entities.Crunchbase
		SccLocalPath19 = Drone.Entities.Crunchbase
		SccProjectUniqueName20 = Drone.Entities.Facebook\\Drone.Entities.Facebook.csproj
		SccProjectTopLevelParentUniqueName20 = Drone_V3.sln
		SccProjectName20 = Drone.Entities.Facebook
		SccLocalPath20 = Drone.Entities.Facebook
		SccProjectUniqueName21 = Drone.Entities.MarketShare\\Drone.Entities.MarketShare.csproj
		SccProjectTopLevelParentUniqueName21 = Drone_V3.sln
		SccProjectName21 = Drone.Entities.MarketShare
		SccLocalPath21 = Drone.Entities.MarketShare
		SccProjectUniqueName22 = Drone.Entities.Twitter\\Drone.Entities.Twitter.csproj
		SccProjectTopLevelParentUniqueName22 = Drone_V3.sln
		SccProjectName22 = Drone.Entities.Twitter
		SccLocalPath22 = Drone.Entities.Twitter
		SccProjectUniqueName23 = Drone.Entities.YouTube\\Drone.Entities.YouTube.csproj
		SccProjectTopLevelParentUniqueName23 = Drone_V3.sln
		SccProjectName23 = Drone.Entities.YouTube
		SccLocalPath23 = Drone.Entities.YouTube
		SccProjectUniqueName24 = Drone.QueueProcessor\\Drone.QueueProcessor.csproj
		SccProjectTopLevelParentUniqueName24 = Drone_V3.sln
		SccProjectName24 = Drone.QueueProcessor
		SccLocalPath24 = Drone.QueueProcessor
		SccProjectUniqueName25 = Drone.WebAPI\\Drone.WebAPI.csproj
		SccProjectTopLevelParentUniqueName25 = Drone_V3.sln
		SccProjectName25 = Drone.WebAPI
		SccLocalPath25 = Drone.WebAPI
		SccProjectUniqueName26 = Drone.WebAPI.Interfaces\\Drone.WebAPI.Interfaces.csproj
		SccProjectTopLevelParentUniqueName26 = Drone_V3.sln
		SccProjectName26 = Drone.WebAPI.Interfaces
		SccLocalPath26 = Drone.WebAPI.Interfaces
		SccProjectUniqueName27 = Drone.WebAPI.Services\\Drone.WebAPI.Services.csproj
		SccProjectTopLevelParentUniqueName27 = Drone_V3.sln
		SccProjectName27 = Drone.WebAPI.Services
		SccLocalPath27 = Drone.WebAPI.Services
		SccProjectUniqueName28 = Drone.Entities.WebAPI\\Drone.Entities.WebAPI.csproj
		SccProjectTopLevelParentUniqueName28 = Drone_V3.sln
		SccProjectName28 = Drone.Entities.WebAPI
		SccLocalPath28 = Drone.Entities.WebAPI
		SccProjectUniqueName29 = Drone.Entities.Portfolio\\Drone.Entities.Portfolio.csproj
		SccProjectTopLevelParentUniqueName29 = Drone_V3.sln
		SccProjectName29 = Drone.Entities.Portfolio
		SccLocalPath29 = Drone.Entities.Portfolio
		SccProjectUniqueName30 = Drone.Entities.Twitter.v11\\Drone.Entities.Twitter.v11.csproj
		SccProjectTopLevelParentUniqueName30 = Drone_V3.sln
		SccProjectName30 = Drone.Entities.Twitter.v11
		SccLocalPath30 = Drone.Entities.Twitter.v11
		SccProjectUniqueName31 = Drone.API.DNS\\Drone.API.DNS.csproj
		SccProjectTopLevelParentUniqueName31 = Drone_V3.sln
		SccProjectName31 = Drone.API.DNS
		SccLocalPath31 = Drone.API.DNS
		SccProjectUniqueName32 = Drone.Scheduler\\Drone.Scheduler.csproj
		SccProjectTopLevelParentUniqueName32 = Drone_V3.sln
		SccProjectName32 = Drone.Scheduler
		SccLocalPath32 = Drone.Scheduler
	EndGlobalSection
	GlobalSection(TestCaseManagementSettings) = postSolution
		CategoryFile = Drone.vsmdi
	EndGlobalSection
	GlobalSection(SolutionConfigurationPlatforms) = preSolution
		Debug|Any CPU = Debug|Any CPU
		Debug|Mixed Platforms = Debug|Mixed Platforms
		Debug|x86 = Debug|x86
		MailSystem Dev|Any CPU = MailSystem Dev|Any CPU
		MailSystem Dev|Mixed Platforms = MailSystem Dev|Mixed Platforms
		MailSystem Dev|x86 = MailSystem Dev|x86
		Release|Any CPU = Release|Any CPU
		Release|Mixed Platforms = Release|Mixed Platforms
		Release|x86 = Release|x86
		Retail|Any CPU = Retail|Any CPU
		Retail|Mixed Platforms = Retail|Mixed Platforms
		Retail|x86 = Retail|x86
		Trial|Any CPU = Trial|Any CPU
		Trial|Mixed Platforms = Trial|Mixed Platforms
		Trial|x86 = Trial|x86
	EndGlobalSection
	GlobalSection(ProjectConfigurationPlatforms) = postSolution
		{2455CA56-2B61-4F88-9F92-BDF6B82AF8D5}.Debug|Any CPU.ActiveCfg = Debug|Any CPU
		{2455CA56-2B61-4F88-9F92-BDF6B82AF8D5}.Debug|Any CPU.Build.0 = Debug|Any CPU
		{2455CA56-2B61-4F88-9F92-BDF6B82AF8D5}.Debug|Mixed Platforms.ActiveCfg = Debug|Any CPU
		{2455CA56-2B61-4F88-9F92-BDF6B82AF8D5}.Debug|Mixed Platforms.Build.0 = Debug|Any CPU
		{2455CA56-2B61-4F88-9F92-BDF6B82AF8D5}.Debug|x86.ActiveCfg = Debug|Any CPU
		{2455CA56-2B61-4F88-9F92-BDF6B82AF8D5}.MailSystem Dev|Any CPU.ActiveCfg = Release|Any CPU
		{2455CA56-2B61-4F88-9F92-BDF6B82AF8D5}.MailSystem Dev|Any CPU.Build.0 = Release|Any CPU
		{2455CA56-2B61-4F88-9F92-BDF6B82AF8D5}.MailSystem Dev|Mixed Platforms.ActiveCfg = Release|Any CPU
		{2455CA56-2B61-4F88-9F92-BDF6B82AF8D5}.MailSystem Dev|Mixed Platforms.Build.0 = Release|Any CPU
		{2455CA56-2B61-4F88-9F92-BDF6B82AF8D5}.MailSystem Dev|x86.ActiveCfg = Release|Any CPU
		{2455CA56-2B61-4F88-9F92-BDF6B82AF8D5}.Release|Any CPU.ActiveCfg = Release|Any CPU
		{2455CA56-2B61-4F88-9F92-BDF6B82AF8D5}.Release|Any CPU.Build.0 = Release|Any CPU
		{2455CA56-2B61-4F88-9F92-BDF6B82AF8D5}.Release|Mixed Platforms.ActiveCfg = Release|Any CPU
		{2455CA56-2B61-4F88-9F92-BDF6B82AF8D5}.Release|Mixed Platforms.Build.0 = Release|Any CPU
		{2455CA56-2B61-4F88-9F92-BDF6B82AF8D5}.Release|x86.ActiveCfg = Release|Any CPU
		{2455CA56-2B61-4F88-9F92-BDF6B82AF8D5}.Retail|Any CPU.ActiveCfg = Release|Any CPU
		{2455CA56-2B61-4F88-9F92-BDF6B82AF8D5}.Retail|Any CPU.Build.0 = Release|Any CPU
		{2455CA56-2B61-4F88-9F92-BDF6B82AF8D5}.Retail|Mixed Platforms.ActiveCfg = Release|Any CPU
		{2455CA56-2B61-4F88-9F92-BDF6B82AF8D5}.Retail|Mixed Platforms.Build.0 = Release|Any CPU
		{2455CA56-2B61-4F88-9F92-BDF6B82AF8D5}.Retail|x86.ActiveCfg = Release|Any CPU
		{2455CA56-2B61-4F88-9F92-BDF6B82AF8D5}.Trial|Any CPU.ActiveCfg = Release|Any CPU
		{2455CA56-2B61-4F88-9F92-BDF6B82AF8D5}.Trial|Any CPU.Build.0 = Release|Any CPU
		{2455CA56-2B61-4F88-9F92-BDF6B82AF8D5}.Trial|Mixed Platforms.ActiveCfg = Release|Any CPU
		{2455CA56-2B61-4F88-9F92-BDF6B82AF8D5}.Trial|Mixed Platforms.Build.0 = Release|Any CPU
		{2455CA56-2B61-4F88-9F92-BDF6B82AF8D5}.Trial|x86.ActiveCfg = Release|Any CPU
		{F689AC7F-F4C0-4F4C-9CB1-A092CA416AAB}.Debug|Any CPU.ActiveCfg = Debug|Any CPU
		{F689AC7F-F4C0-4F4C-9CB1-A092CA416AAB}.Debug|Any CPU.Build.0 = Debug|Any CPU
		{F689AC7F-F4C0-4F4C-9CB1-A092CA416AAB}.Debug|Mixed Platforms.ActiveCfg = Debug|Any CPU
		{F689AC7F-F4C0-4F4C-9CB1-A092CA416AAB}.Debug|Mixed Platforms.Build.0 = Debug|Any CPU
		{F689AC7F-F4C0-4F4C-9CB1-A092CA416AAB}.Debug|x86.ActiveCfg = Debug|Any CPU
		{F689AC7F-F4C0-4F4C-9CB1-A092CA416AAB}.MailSystem Dev|Any CPU.ActiveCfg = Release|Any CPU
		{F689AC7F-F4C0-4F4C-9CB1-A092CA416AAB}.MailSystem Dev|Any CPU.Build.0 = Release|Any CPU
		{F689AC7F-F4C0-4F4C-9CB1-A092CA416AAB}.MailSystem Dev|Mixed Platforms.ActiveCfg = Release|Any CPU
		{F689AC7F-F4C0-4F4C-9CB1-A092CA416AAB}.MailSystem Dev|Mixed Platforms.Build.0 = Release|Any CPU
		{F689AC7F-F4C0-4F4C-9CB1-A092CA416AAB}.MailSystem Dev|x86.ActiveCfg = Release|Any CPU
		{F689AC7F-F4C0-4F4C-9CB1-A092CA416AAB}.Release|Any CPU.ActiveCfg = Release|Any CPU
		{F689AC7F-F4C0-4F4C-9CB1-A092CA416AAB}.Release|Any CPU.Build.0 = Release|Any CPU
		{F689AC7F-F4C0-4F4C-9CB1-A092CA416AAB}.Release|Mixed Platforms.ActiveCfg = Release|Any CPU
		{F689AC7F-F4C0-4F4C-9CB1-A092CA416AAB}.Release|Mixed Platforms.Build.0 = Release|Any CPU
		{F689AC7F-F4C0-4F4C-9CB1-A092CA416AAB}.Release|x86.ActiveCfg = Release|Any CPU
		{F689AC7F-F4C0-4F4C-9CB1-A092CA416AAB}.Retail|Any CPU.ActiveCfg = Release|Any CPU
		{F689AC7F-F4C0-4F4C-9CB1-A092CA416AAB}.Retail|Any CPU.Build.0 = Release|Any CPU
		{F689AC7F-F4C0-4F4C-9CB1-A092CA416AAB}.Retail|Mixed Platforms.ActiveCfg = Release|Any CPU
		{F689AC7F-F4C0-4F4C-9CB1-A092CA416AAB}.Retail|Mixed Platforms.Build.0 = Release|Any CPU
		{F689AC7F-F4C0-4F4C-9CB1-A092CA416AAB}.Retail|x86.ActiveCfg = Release|Any CPU
		{F689AC7F-F4C0-4F4C-9CB1-A092CA416AAB}.Trial|Any CPU.ActiveCfg = Release|Any CPU
		{F689AC7F-F4C0-4F4C-9CB1-A092CA416AAB}.Trial|Any CPU.Build.0 = Release|Any CPU
		{F689AC7F-F4C0-4F4C-9CB1-A092CA416AAB}.Trial|Mixed Platforms.ActiveCfg = Release|Any CPU
		{F689AC7F-F4C0-4F4C-9CB1-A092CA416AAB}.Trial|Mixed Platforms.Build.0 = Release|Any CPU
		{F689AC7F-F4C0-4F4C-9CB1-A092CA416AAB}.Trial|x86.ActiveCfg = Release|Any CPU
		{724FAE18-ED6D-4625-AC6B-2A4041A8FC0E}.Debug|Any CPU.ActiveCfg = Debug|Any CPU
		{724FAE18-ED6D-4625-AC6B-2A4041A8FC0E}.Debug|Any CPU.Build.0 = Debug|Any CPU
		{724FAE18-ED6D-4625-AC6B-2A4041A8FC0E}.Debug|Mixed Platforms.ActiveCfg = Debug|Any CPU
		{724FAE18-ED6D-4625-AC6B-2A4041A8FC0E}.Debug|Mixed Platforms.Build.0 = Debug|Any CPU
		{724FAE18-ED6D-4625-AC6B-2A4041A8FC0E}.Debug|x86.ActiveCfg = Debug|Any CPU
		{724FAE18-ED6D-4625-AC6B-2A4041A8FC0E}.MailSystem Dev|Any CPU.ActiveCfg = Release|Any CPU
		{724FAE18-ED6D-4625-AC6B-2A4041A8FC0E}.MailSystem Dev|Any CPU.Build.0 = Release|Any CPU
		{724FAE18-ED6D-4625-AC6B-2A4041A8FC0E}.MailSystem Dev|Mixed Platforms.ActiveCfg = Release|Any CPU
		{724FAE18-ED6D-4625-AC6B-2A4041A8FC0E}.MailSystem Dev|Mixed Platforms.Build.0 = Release|Any CPU
		{724FAE18-ED6D-4625-AC6B-2A4041A8FC0E}.MailSystem Dev|x86.ActiveCfg = Release|Any CPU
		{724FAE18-ED6D-4625-AC6B-2A4041A8FC0E}.Release|Any CPU.ActiveCfg = Release|Any CPU
		{724FAE18-ED6D-4625-AC6B-2A4041A8FC0E}.Release|Any CPU.Build.0 = Release|Any CPU
		{724FAE18-ED6D-4625-AC6B-2A4041A8FC0E}.Release|Mixed Platforms.ActiveCfg = Release|Any CPU
		{724FAE18-ED6D-4625-AC6B-2A4041A8FC0E}.Release|Mixed Platforms.Build.0 = Release|Any CPU
		{724FAE18-ED6D-4625-AC6B-2A4041A8FC0E}.Release|x86.ActiveCfg = Release|Any CPU
		{724FAE18-ED6D-4625-AC6B-2A4041A8FC0E}.Retail|Any CPU.ActiveCfg = Release|Any CPU
		{724FAE18-ED6D-4625-AC6B-2A4041A8FC0E}.Retail|Any CPU.Build.0 = Release|Any CPU
		{724FAE18-ED6D-4625-AC6B-2A4041A8FC0E}.Retail|Mixed Platforms.ActiveCfg = Release|Any CPU
		{724FAE18-ED6D-4625-AC6B-2A4041A8FC0E}.Retail|Mixed Platforms.Build.0 = Release|Any CPU
		{724FAE18-ED6D-4625-AC6B-2A4041A8FC0E}.Retail|x86.ActiveCfg = Release|Any CPU
		{724FAE18-ED6D-4625-AC6B-2A4041A8FC0E}.Trial|Any CPU.ActiveCfg = Release|Any CPU
		{724FAE18-ED6D-4625-AC6B-2A4041A8FC0E}.Trial|Any CPU.Build.0 = Release|Any CPU
		{724FAE18-ED6D-4625-AC6B-2A4041A8FC0E}.Trial|Mixed Platforms.ActiveCfg = Release|Any CPU
		{724FAE18-ED6D-4625-AC6B-2A4041A8FC0E}.Trial|Mixed Platforms.Build.0 = Release|Any CPU
		{724FAE18-ED6D-4625-AC6B-2A4041A8FC0E}.Trial|x86.ActiveCfg = Release|Any CPU
		{A113E506-60E1-41A4-9131-D1787CC1AAD8}.Debug|Any CPU.ActiveCfg = Debug|Any CPU
		{A113E506-60E1-41A4-9131-D1787CC1AAD8}.Debug|Any CPU.Build.0 = Debug|Any CPU
		{A113E506-60E1-41A4-9131-D1787CC1AAD8}.Debug|Mixed Platforms.ActiveCfg = Debug|Any CPU
		{A113E506-60E1-41A4-9131-D1787CC1AAD8}.Debug|Mixed Platforms.Build.0 = Debug|Any CPU
		{A113E506-60E1-41A4-9131-D1787CC1AAD8}.Debug|x86.ActiveCfg = Debug|Any CPU
		{A113E506-60E1-41A4-9131-D1787CC1AAD8}.MailSystem Dev|Any CPU.ActiveCfg = Release|Any CPU
		{A113E506-60E1-41A4-9131-D1787CC1AAD8}.MailSystem Dev|Any CPU.Build.0 = Release|Any CPU
		{A113E506-60E1-41A4-9131-D1787CC1AAD8}.MailSystem Dev|Mixed Platforms.ActiveCfg = Release|Any CPU
		{A113E506-60E1-41A4-9131-D1787CC1AAD8}.MailSystem Dev|Mixed Platforms.Build.0 = Release|Any CPU
		{A113E506-60E1-41A4-9131-D1787CC1AAD8}.MailSystem Dev|x86.ActiveCfg = Release|Any CPU
		{A113E506-60E1-41A4-9131-D1787CC1AAD8}.Release|Any CPU.ActiveCfg = Release|Any CPU
		{A113E506-60E1-41A4-9131-D1787CC1AAD8}.Release|Any CPU.Build.0 = Release|Any CPU
		{A113E506-60E1-41A4-9131-D1787CC1AAD8}.Release|Mixed Platforms.ActiveCfg = Release|Any CPU
		{A113E506-60E1-41A4-9131-D1787CC1AAD8}.Release|Mixed Platforms.Build.0 = Release|Any CPU
		{A113E506-60E1-41A4-9131-D1787CC1AAD8}.Release|x86.ActiveCfg = Release|Any CPU
		{A113E506-60E1-41A4-9131-D1787CC1AAD8}.Retail|Any CPU.ActiveCfg = Release|Any CPU
		{A113E506-60E1-41A4-9131-D1787CC1AAD8}.Retail|Any CPU.Build.0 = Release|Any CPU
		{A113E506-60E1-41A4-9131-D1787CC1AAD8}.Retail|Mixed Platforms.ActiveCfg = Release|Any CPU
		{A113E506-60E1-41A4-9131-D1787CC1AAD8}.Retail|Mixed Platforms.Build.0 = Release|Any CPU
		{A113E506-60E1-41A4-9131-D1787CC1AAD8}.Retail|x86.ActiveCfg = Release|Any CPU
		{A113E506-60E1-41A4-9131-D1787CC1AAD8}.Trial|Any CPU.ActiveCfg = Release|Any CPU
		{A113E506-60E1-41A4-9131-D1787CC1AAD8}.Trial|Any CPU.Build.0 = Release|Any CPU
		{A113E506-60E1-41A4-9131-D1787CC1AAD8}.Trial|Mixed Platforms.ActiveCfg = Release|Any CPU
		{A113E506-60E1-41A4-9131-D1787CC1AAD8}.Trial|Mixed Platforms.Build.0 = Release|Any CPU
		{A113E506-60E1-41A4-9131-D1787CC1AAD8}.Trial|x86.ActiveCfg = Release|Any CPU
		{12DF38ED-C924-48FB-A9C6-C727D2ECBECD}.Debug|Any CPU.ActiveCfg = Debug|Any CPU
		{12DF38ED-C924-48FB-A9C6-C727D2ECBECD}.Debug|Any CPU.Build.0 = Debug|Any CPU
		{12DF38ED-C924-48FB-A9C6-C727D2ECBECD}.Debug|Mixed Platforms.ActiveCfg = Debug|Any CPU
		{12DF38ED-C924-48FB-A9C6-C727D2ECBECD}.Debug|Mixed Platforms.Build.0 = Debug|Any CPU
		{12DF38ED-C924-48FB-A9C6-C727D2ECBECD}.Debug|x86.ActiveCfg = Debug|Any CPU
		{12DF38ED-C924-48FB-A9C6-C727D2ECBECD}.MailSystem Dev|Any CPU.ActiveCfg = Release|Any CPU
		{12DF38ED-C924-48FB-A9C6-C727D2ECBECD}.MailSystem Dev|Any CPU.Build.0 = Release|Any CPU
		{12DF38ED-C924-48FB-A9C6-C727D2ECBECD}.MailSystem Dev|Mixed Platforms.ActiveCfg = Release|Any CPU
		{12DF38ED-C924-48FB-A9C6-C727D2ECBECD}.MailSystem Dev|Mixed Platforms.Build.0 = Release|Any CPU
		{12DF38ED-C924-48FB-A9C6-C727D2ECBECD}.MailSystem Dev|x86.ActiveCfg = Release|Any CPU
		{12DF38ED-C924-48FB-A9C6-C727D2ECBECD}.Release|Any CPU.ActiveCfg = Release|Any CPU
		{12DF38ED-C924-48FB-A9C6-C727D2ECBECD}.Release|Any CPU.Build.0 = Release|Any CPU
		{12DF38ED-C924-48FB-A9C6-C727D2ECBECD}.Release|Mixed Platforms.ActiveCfg = Release|Any CPU
		{12DF38ED-C924-48FB-A9C6-C727D2ECBECD}.Release|Mixed Platforms.Build.0 = Release|Any CPU
		{12DF38ED-C924-48FB-A9C6-C727D2ECBECD}.Release|x86.ActiveCfg = Release|Any CPU
		{12DF38ED-C924-48FB-A9C6-C727D2ECBECD}.Retail|Any CPU.ActiveCfg = Release|Any CPU
		{12DF38ED-C924-48FB-A9C6-C727D2ECBECD}.Retail|Any CPU.Build.0 = Release|Any CPU
		{12DF38ED-C924-48FB-A9C6-C727D2ECBECD}.Retail|Mixed Platforms.ActiveCfg = Release|Any CPU
		{12DF38ED-C924-48FB-A9C6-C727D2ECBECD}.Retail|Mixed Platforms.Build.0 = Release|Any CPU
		{12DF38ED-C924-48FB-A9C6-C727D2ECBECD}.Retail|x86.ActiveCfg = Release|Any CPU
		{12DF38ED-C924-48FB-A9C6-C727D2ECBECD}.Trial|Any CPU.ActiveCfg = Release|Any CPU
		{12DF38ED-C924-48FB-A9C6-C727D2ECBECD}.Trial|Any CPU.Build.0 = Release|Any CPU
		{12DF38ED-C924-48FB-A9C6-C727D2ECBECD}.Trial|Mixed Platforms.ActiveCfg = Release|Any CPU
		{12DF38ED-C924-48FB-A9C6-C727D2ECBECD}.Trial|Mixed Platforms.Build.0 = Release|Any CPU
		{12DF38ED-C924-48FB-A9C6-C727D2ECBECD}.Trial|x86.ActiveCfg = Release|Any CPU
		{F4021C5F-F2E7-4056-930D-E63579849E5C}.Debug|Any CPU.ActiveCfg = Debug|Any CPU
		{F4021C5F-F2E7-4056-930D-E63579849E5C}.Debug|Any CPU.Build.0 = Debug|Any CPU
		{F4021C5F-F2E7-4056-930D-E63579849E5C}.Debug|Mixed Platforms.ActiveCfg = Debug|Any CPU
		{F4021C5F-F2E7-4056-930D-E63579849E5C}.Debug|Mixed Platforms.Build.0 = Debug|Any CPU
		{F4021C5F-F2E7-4056-930D-E63579849E5C}.Debug|x86.ActiveCfg = Debug|Any CPU
		{F4021C5F-F2E7-4056-930D-E63579849E5C}.MailSystem Dev|Any CPU.ActiveCfg = Release|Any CPU
		{F4021C5F-F2E7-4056-930D-E63579849E5C}.MailSystem Dev|Any CPU.Build.0 = Release|Any CPU
		{F4021C5F-F2E7-4056-930D-E63579849E5C}.MailSystem Dev|Mixed Platforms.ActiveCfg = Release|Any CPU
		{F4021C5F-F2E7-4056-930D-E63579849E5C}.MailSystem Dev|Mixed Platforms.Build.0 = Release|Any CPU
		{F4021C5F-F2E7-4056-930D-E63579849E5C}.MailSystem Dev|x86.ActiveCfg = Release|Any CPU
		{F4021C5F-F2E7-4056-930D-E63579849E5C}.Release|Any CPU.ActiveCfg = Release|Any CPU
		{F4021C5F-F2E7-4056-930D-E63579849E5C}.Release|Any CPU.Build.0 = Release|Any CPU
		{F4021C5F-F2E7-4056-930D-E63579849E5C}.Release|Mixed Platforms.ActiveCfg = Release|Any CPU
		{F4021C5F-F2E7-4056-930D-E63579849E5C}.Release|Mixed Platforms.Build.0 = Release|Any CPU
		{F4021C5F-F2E7-4056-930D-E63579849E5C}.Release|x86.ActiveCfg = Release|Any CPU
		{F4021C5F-F2E7-4056-930D-E63579849E5C}.Retail|Any CPU.ActiveCfg = Release|Any CPU
		{F4021C5F-F2E7-4056-930D-E63579849E5C}.Retail|Any CPU.Build.0 = Release|Any CPU
		{F4021C5F-F2E7-4056-930D-E63579849E5C}.Retail|Mixed Platforms.ActiveCfg = Release|Any CPU
		{F4021C5F-F2E7-4056-930D-E63579849E5C}.Retail|Mixed Platforms.Build.0 = Release|Any CPU
		{F4021C5F-F2E7-4056-930D-E63579849E5C}.Retail|x86.ActiveCfg = Release|Any CPU
		{F4021C5F-F2E7-4056-930D-E63579849E5C}.Trial|Any CPU.ActiveCfg = Release|Any CPU
		{F4021C5F-F2E7-4056-930D-E63579849E5C}.Trial|Any CPU.Build.0 = Release|Any CPU
		{F4021C5F-F2E7-4056-930D-E63579849E5C}.Trial|Mixed Platforms.ActiveCfg = Release|Any CPU
		{F4021C5F-F2E7-4056-930D-E63579849E5C}.Trial|Mixed Platforms.Build.0 = Release|Any CPU
		{F4021C5F-F2E7-4056-930D-E63579849E5C}.Trial|x86.ActiveCfg = Release|Any CPU
		{C3A00032-268D-4CEF-BF02-305C5098FCF9}.Debug|Any CPU.ActiveCfg = Debug|Any CPU
		{C3A00032-268D-4CEF-BF02-305C5098FCF9}.Debug|Any CPU.Build.0 = Debug|Any CPU
		{C3A00032-268D-4CEF-BF02-305C5098FCF9}.Debug|Mixed Platforms.ActiveCfg = Debug|Any CPU
		{C3A00032-268D-4CEF-BF02-305C5098FCF9}.Debug|Mixed Platforms.Build.0 = Debug|Any CPU
		{C3A00032-268D-4CEF-BF02-305C5098FCF9}.Debug|x86.ActiveCfg = Debug|Any CPU
		{C3A00032-268D-4CEF-BF02-305C5098FCF9}.MailSystem Dev|Any CPU.ActiveCfg = Release|Any CPU
		{C3A00032-268D-4CEF-BF02-305C5098FCF9}.MailSystem Dev|Any CPU.Build.0 = Release|Any CPU
		{C3A00032-268D-4CEF-BF02-305C5098FCF9}.MailSystem Dev|Mixed Platforms.ActiveCfg = Release|Any CPU
		{C3A00032-268D-4CEF-BF02-305C5098FCF9}.MailSystem Dev|Mixed Platforms.Build.0 = Release|Any CPU
		{C3A00032-268D-4CEF-BF02-305C5098FCF9}.MailSystem Dev|x86.ActiveCfg = Release|Any CPU
		{C3A00032-268D-4CEF-BF02-305C5098FCF9}.Release|Any CPU.ActiveCfg = Release|Any CPU
		{C3A00032-268D-4CEF-BF02-305C5098FCF9}.Release|Any CPU.Build.0 = Release|Any CPU
		{C3A00032-268D-4CEF-BF02-305C5098FCF9}.Release|Mixed Platforms.ActiveCfg = Release|Any CPU
		{C3A00032-268D-4CEF-BF02-305C5098FCF9}.Release|Mixed Platforms.Build.0 = Release|Any CPU
		{C3A00032-268D-4CEF-BF02-305C5098FCF9}.Release|x86.ActiveCfg = Release|Any CPU
		{C3A00032-268D-4CEF-BF02-305C5098FCF9}.Retail|Any CPU.ActiveCfg = Release|Any CPU
		{C3A00032-268D-4CEF-BF02-305C5098FCF9}.Retail|Any CPU.Build.0 = Release|Any CPU
		{C3A00032-268D-4CEF-BF02-305C5098FCF9}.Retail|Mixed Platforms.ActiveCfg = Release|Any CPU
		{C3A00032-268D-4CEF-BF02-305C5098FCF9}.Retail|Mixed Platforms.Build.0 = Release|Any CPU
		{C3A00032-268D-4CEF-BF02-305C5098FCF9}.Retail|x86.ActiveCfg = Release|Any CPU
		{C3A00032-268D-4CEF-BF02-305C5098FCF9}.Trial|Any CPU.ActiveCfg = Release|Any CPU
		{C3A00032-268D-4CEF-BF02-305C5098FCF9}.Trial|Any CPU.Build.0 = Release|Any CPU
		{C3A00032-268D-4CEF-BF02-305C5098FCF9}.Trial|Mixed Platforms.ActiveCfg = Release|Any CPU
		{C3A00032-268D-4CEF-BF02-305C5098FCF9}.Trial|Mixed Platforms.Build.0 = Release|Any CPU
		{C3A00032-268D-4CEF-BF02-305C5098FCF9}.Trial|x86.ActiveCfg = Release|Any CPU
		{5C871E84-B68B-4A31-826A-D902F5C7FBA1}.Debug|Any CPU.ActiveCfg = Debug|Any CPU
		{5C871E84-B68B-4A31-826A-D902F5C7FBA1}.Debug|Any CPU.Build.0 = Debug|Any CPU
		{5C871E84-B68B-4A31-826A-D902F5C7FBA1}.Debug|Mixed Platforms.ActiveCfg = Debug|Any CPU
		{5C871E84-B68B-4A31-826A-D902F5C7FBA1}.Debug|Mixed Platforms.Build.0 = Debug|Any CPU
		{5C871E84-B68B-4A31-826A-D902F5C7FBA1}.Debug|x86.ActiveCfg = Debug|Any CPU
		{5C871E84-B68B-4A31-826A-D902F5C7FBA1}.MailSystem Dev|Any CPU.ActiveCfg = Release|Any CPU
		{5C871E84-B68B-4A31-826A-D902F5C7FBA1}.MailSystem Dev|Any CPU.Build.0 = Release|Any CPU
		{5C871E84-B68B-4A31-826A-D902F5C7FBA1}.MailSystem Dev|Mixed Platforms.ActiveCfg = Release|Any CPU
		{5C871E84-B68B-4A31-826A-D902F5C7FBA1}.MailSystem Dev|Mixed Platforms.Build.0 = Release|Any CPU
		{5C871E84-B68B-4A31-826A-D902F5C7FBA1}.MailSystem Dev|x86.ActiveCfg = Release|Any CPU
		{5C871E84-B68B-4A31-826A-D902F5C7FBA1}.Release|Any CPU.ActiveCfg = Release|Any CPU
		{5C871E84-B68B-4A31-826A-D902F5C7FBA1}.Release|Any CPU.Build.0 = Release|Any CPU
		{5C871E84-B68B-4A31-826A-D902F5C7FBA1}.Release|Mixed Platforms.ActiveCfg = Release|Any CPU
		{5C871E84-B68B-4A31-826A-D902F5C7FBA1}.Release|Mixed Platforms.Build.0 = Release|Any CPU
		{5C871E84-B68B-4A31-826A-D902F5C7FBA1}.Release|x86.ActiveCfg = Release|Any CPU
		{5C871E84-B68B-4A31-826A-D902F5C7FBA1}.Retail|Any CPU.ActiveCfg = Release|Any CPU
		{5C871E84-B68B-4A31-826A-D902F5C7FBA1}.Retail|Any CPU.Build.0 = Release|Any CPU
		{5C871E84-B68B-4A31-826A-D902F5C7FBA1}.Retail|Mixed Platforms.ActiveCfg = Release|Any CPU
		{5C871E84-B68B-4A31-826A-D902F5C7FBA1}.Retail|Mixed Platforms.Build.0 = Release|Any CPU
		{5C871E84-B68B-4A31-826A-D902F5C7FBA1}.Retail|x86.ActiveCfg = Release|Any CPU
		{5C871E84-B68B-4A31-826A-D902F5C7FBA1}.Trial|Any CPU.ActiveCfg = Release|Any CPU
		{5C871E84-B68B-4A31-826A-D902F5C7FBA1}.Trial|Any CPU.Build.0 = Release|Any CPU
		{5C871E84-B68B-4A31-826A-D902F5C7FBA1}.Trial|Mixed Platforms.ActiveCfg = Release|Any CPU
		{5C871E84-B68B-4A31-826A-D902F5C7FBA1}.Trial|Mixed Platforms.Build.0 = Release|Any CPU
		{5C871E84-B68B-4A31-826A-D902F5C7FBA1}.Trial|x86.ActiveCfg = Release|Any CPU
		{DA9A0EF4-223A-4C62-96A1-6AD4D65707A6}.Debug|Any CPU.ActiveCfg = Debug|x86
		{DA9A0EF4-223A-4C62-96A1-6AD4D65707A6}.Debug|Mixed Platforms.ActiveCfg = Debug|x86
		{DA9A0EF4-223A-4C62-96A1-6AD4D65707A6}.Debug|Mixed Platforms.Build.0 = Debug|x86
		{DA9A0EF4-223A-4C62-96A1-6AD4D65707A6}.Debug|x86.ActiveCfg = Debug|x86
		{DA9A0EF4-223A-4C62-96A1-6AD4D65707A6}.Debug|x86.Build.0 = Debug|x86
		{DA9A0EF4-223A-4C62-96A1-6AD4D65707A6}.MailSystem Dev|Any CPU.ActiveCfg = Release|x86
		{DA9A0EF4-223A-4C62-96A1-6AD4D65707A6}.MailSystem Dev|Mixed Platforms.ActiveCfg = Release|x86
		{DA9A0EF4-223A-4C62-96A1-6AD4D65707A6}.MailSystem Dev|Mixed Platforms.Build.0 = Release|x86
		{DA9A0EF4-223A-4C62-96A1-6AD4D65707A6}.MailSystem Dev|x86.ActiveCfg = Release|x86
		{DA9A0EF4-223A-4C62-96A1-6AD4D65707A6}.MailSystem Dev|x86.Build.0 = Release|x86
		{DA9A0EF4-223A-4C62-96A1-6AD4D65707A6}.Release|Any CPU.ActiveCfg = Release|x86
		{DA9A0EF4-223A-4C62-96A1-6AD4D65707A6}.Release|Mixed Platforms.ActiveCfg = Release|x86
		{DA9A0EF4-223A-4C62-96A1-6AD4D65707A6}.Release|Mixed Platforms.Build.0 = Release|x86
		{DA9A0EF4-223A-4C62-96A1-6AD4D65707A6}.Release|x86.ActiveCfg = Release|x86
		{DA9A0EF4-223A-4C62-96A1-6AD4D65707A6}.Release|x86.Build.0 = Release|x86
		{DA9A0EF4-223A-4C62-96A1-6AD4D65707A6}.Retail|Any CPU.ActiveCfg = Release|x86
		{DA9A0EF4-223A-4C62-96A1-6AD4D65707A6}.Retail|Mixed Platforms.ActiveCfg = Release|x86
		{DA9A0EF4-223A-4C62-96A1-6AD4D65707A6}.Retail|Mixed Platforms.Build.0 = Release|x86
		{DA9A0EF4-223A-4C62-96A1-6AD4D65707A6}.Retail|x86.ActiveCfg = Release|x86
		{DA9A0EF4-223A-4C62-96A1-6AD4D65707A6}.Retail|x86.Build.0 = Release|x86
		{DA9A0EF4-223A-4C62-96A1-6AD4D65707A6}.Trial|Any CPU.ActiveCfg = Release|x86
		{DA9A0EF4-223A-4C62-96A1-6AD4D65707A6}.Trial|Mixed Platforms.ActiveCfg = Release|x86
		{DA9A0EF4-223A-4C62-96A1-6AD4D65707A6}.Trial|Mixed Platforms.Build.0 = Release|x86
		{DA9A0EF4-223A-4C62-96A1-6AD4D65707A6}.Trial|x86.ActiveCfg = Release|x86
		{DA9A0EF4-223A-4C62-96A1-6AD4D65707A6}.Trial|x86.Build.0 = Release|x86
		{C2504CD2-0D8B-4CDC-9FFB-F377348B1107}.Debug|Any CPU.ActiveCfg = Debug|Any CPU
		{C2504CD2-0D8B-4CDC-9FFB-F377348B1107}.Debug|Any CPU.Build.0 = Debug|Any CPU
		{C2504CD2-0D8B-4CDC-9FFB-F377348B1107}.Debug|Mixed Platforms.ActiveCfg = Debug|Any CPU
		{C2504CD2-0D8B-4CDC-9FFB-F377348B1107}.Debug|Mixed Platforms.Build.0 = Debug|Any CPU
		{C2504CD2-0D8B-4CDC-9FFB-F377348B1107}.Debug|x86.ActiveCfg = Debug|Any CPU
		{C2504CD2-0D8B-4CDC-9FFB-F377348B1107}.MailSystem Dev|Any CPU.ActiveCfg = Release|Any CPU
		{C2504CD2-0D8B-4CDC-9FFB-F377348B1107}.MailSystem Dev|Any CPU.Build.0 = Release|Any CPU
		{C2504CD2-0D8B-4CDC-9FFB-F377348B1107}.MailSystem Dev|Mixed Platforms.ActiveCfg = Release|Any CPU
		{C2504CD2-0D8B-4CDC-9FFB-F377348B1107}.MailSystem Dev|Mixed Platforms.Build.0 = Release|Any CPU
		{C2504CD2-0D8B-4CDC-9FFB-F377348B1107}.MailSystem Dev|x86.ActiveCfg = Release|Any CPU
		{C2504CD2-0D8B-4CDC-9FFB-F377348B1107}.Release|Any CPU.ActiveCfg = Release|Any CPU
		{C2504CD2-0D8B-4CDC-9FFB-F377348B1107}.Release|Any CPU.Build.0 = Release|Any CPU
		{C2504CD2-0D8B-4CDC-9FFB-F377348B1107}.Release|Mixed Platforms.ActiveCfg = Release|Any CPU
		{C2504CD2-0D8B-4CDC-9FFB-F377348B1107}.Release|Mixed Platforms.Build.0 = Release|Any CPU
		{C2504CD2-0D8B-4CDC-9FFB-F377348B1107}.Release|x86.ActiveCfg = Release|Any CPU
		{C2504CD2-0D8B-4CDC-9FFB-F377348B1107}.Retail|Any CPU.ActiveCfg = Release|Any CPU
		{C2504CD2-0D8B-4CDC-9FFB-F377348B1107}.Retail|Any CPU.Build.0 = Release|Any CPU
		{C2504CD2-0D8B-4CDC-9FFB-F377348B1107}.Retail|Mixed Platforms.ActiveCfg = Release|Any CPU
		{C2504CD2-0D8B-4CDC-9FFB-F377348B1107}.Retail|Mixed Platforms.Build.0 = Release|Any CPU
		{C2504CD2-0D8B-4CDC-9FFB-F377348B1107}.Retail|x86.ActiveCfg = Release|Any CPU
		{C2504CD2-0D8B-4CDC-9FFB-F377348B1107}.Trial|Any CPU.ActiveCfg = Release|Any CPU
		{C2504CD2-0D8B-4CDC-9FFB-F377348B1107}.Trial|Any CPU.Build.0 = Release|Any CPU
		{C2504CD2-0D8B-4CDC-9FFB-F377348B1107}.Trial|Mixed Platforms.ActiveCfg = Release|Any CPU
		{C2504CD2-0D8B-4CDC-9FFB-F377348B1107}.Trial|Mixed Platforms.Build.0 = Release|Any CPU
		{C2504CD2-0D8B-4CDC-9FFB-F377348B1107}.Trial|x86.ActiveCfg = Release|Any CPU
		{80B812DB-0FF8-4E98-B37E-A3CE1BF400AF}.Debug|Any CPU.ActiveCfg = Debug|Any CPU
		{80B812DB-0FF8-4E98-B37E-A3CE1BF400AF}.Debug|Any CPU.Build.0 = Debug|Any CPU
		{80B812DB-0FF8-4E98-B37E-A3CE1BF400AF}.Debug|Mixed Platforms.ActiveCfg = Debug|Any CPU
		{80B812DB-0FF8-4E98-B37E-A3CE1BF400AF}.Debug|Mixed Platforms.Build.0 = Debug|Any CPU
		{80B812DB-0FF8-4E98-B37E-A3CE1BF400AF}.Debug|x86.ActiveCfg = Debug|Any CPU
		{80B812DB-0FF8-4E98-B37E-A3CE1BF400AF}.MailSystem Dev|Any CPU.ActiveCfg = Release|Any CPU
		{80B812DB-0FF8-4E98-B37E-A3CE1BF400AF}.MailSystem Dev|Any CPU.Build.0 = Release|Any CPU
		{80B812DB-0FF8-4E98-B37E-A3CE1BF400AF}.MailSystem Dev|Mixed Platforms.ActiveCfg = Release|Any CPU
		{80B812DB-0FF8-4E98-B37E-A3CE1BF400AF}.MailSystem Dev|Mixed Platforms.Build.0 = Release|Any CPU
		{80B812DB-0FF8-4E98-B37E-A3CE1BF400AF}.MailSystem Dev|x86.ActiveCfg = Release|Any CPU
		{80B812DB-0FF8-4E98-B37E-A3CE1BF400AF}.Release|Any CPU.ActiveCfg = Release|Any CPU
		{80B812DB-0FF8-4E98-B37E-A3CE1BF400AF}.Release|Any CPU.Build.0 = Release|Any CPU
		{80B812DB-0FF8-4E98-B37E-A3CE1BF400AF}.Release|Mixed Platforms.ActiveCfg = Release|Any CPU
		{80B812DB-0FF8-4E98-B37E-A3CE1BF400AF}.Release|Mixed Platforms.Build.0 = Release|Any CPU
		{80B812DB-0FF8-4E98-B37E-A3CE1BF400AF}.Release|x86.ActiveCfg = Release|Any CPU
		{80B812DB-0FF8-4E98-B37E-A3CE1BF400AF}.Retail|Any CPU.ActiveCfg = Release|Any CPU
		{80B812DB-0FF8-4E98-B37E-A3CE1BF400AF}.Retail|Any CPU.Build.0 = Release|Any CPU
		{80B812DB-0FF8-4E98-B37E-A3CE1BF400AF}.Retail|Mixed Platforms.ActiveCfg = Release|Any CPU
		{80B812DB-0FF8-4E98-B37E-A3CE1BF400AF}.Retail|Mixed Platforms.Build.0 = Release|Any CPU
		{80B812DB-0FF8-4E98-B37E-A3CE1BF400AF}.Retail|x86.ActiveCfg = Release|Any CPU
		{80B812DB-0FF8-4E98-B37E-A3CE1BF400AF}.Trial|Any CPU.ActiveCfg = Release|Any CPU
		{80B812DB-0FF8-4E98-B37E-A3CE1BF400AF}.Trial|Any CPU.Build.0 = Release|Any CPU
		{80B812DB-0FF8-4E98-B37E-A3CE1BF400AF}.Trial|Mixed Platforms.ActiveCfg = Release|Any CPU
		{80B812DB-0FF8-4E98-B37E-A3CE1BF400AF}.Trial|Mixed Platforms.Build.0 = Release|Any CPU
		{80B812DB-0FF8-4E98-B37E-A3CE1BF400AF}.Trial|x86.ActiveCfg = Release|Any CPU
		{77742DD2-F292-4B7E-AB50-457453D6B0C8}.Debug|Any CPU.ActiveCfg = Debug|Any CPU
		{77742DD2-F292-4B7E-AB50-457453D6B0C8}.Debug|Any CPU.Build.0 = Debug|Any CPU
		{77742DD2-F292-4B7E-AB50-457453D6B0C8}.Debug|Mixed Platforms.ActiveCfg = Debug|Any CPU
		{77742DD2-F292-4B7E-AB50-457453D6B0C8}.Debug|Mixed Platforms.Build.0 = Debug|Any CPU
		{77742DD2-F292-4B7E-AB50-457453D6B0C8}.Debug|x86.ActiveCfg = Debug|Any CPU
		{77742DD2-F292-4B7E-AB50-457453D6B0C8}.MailSystem Dev|Any CPU.ActiveCfg = Release|Any CPU
		{77742DD2-F292-4B7E-AB50-457453D6B0C8}.MailSystem Dev|Any CPU.Build.0 = Release|Any CPU
		{77742DD2-F292-4B7E-AB50-457453D6B0C8}.MailSystem Dev|Mixed Platforms.ActiveCfg = Release|Any CPU
		{77742DD2-F292-4B7E-AB50-457453D6B0C8}.MailSystem Dev|Mixed Platforms.Build.0 = Release|Any CPU
		{77742DD2-F292-4B7E-AB50-457453D6B0C8}.MailSystem Dev|x86.ActiveCfg = Release|Any CPU
		{77742DD2-F292-4B7E-AB50-457453D6B0C8}.Release|Any CPU.ActiveCfg = Release|Any CPU
		{77742DD2-F292-4B7E-AB50-457453D6B0C8}.Release|Any CPU.Build.0 = Release|Any CPU
		{77742DD2-F292-4B7E-AB50-457453D6B0C8}.Release|Mixed Platforms.ActiveCfg = Release|Any CPU
		{77742DD2-F292-4B7E-AB50-457453D6B0C8}.Release|Mixed Platforms.Build.0 = Release|Any CPU
		{77742DD2-F292-4B7E-AB50-457453D6B0C8}.Release|x86.ActiveCfg = Release|Any CPU
		{77742DD2-F292-4B7E-AB50-457453D6B0C8}.Retail|Any CPU.ActiveCfg = Release|Any CPU
		{77742DD2-F292-4B7E-AB50-457453D6B0C8}.Retail|Any CPU.Build.0 = Release|Any CPU
		{77742DD2-F292-4B7E-AB50-457453D6B0C8}.Retail|Mixed Platforms.ActiveCfg = Release|Any CPU
		{77742DD2-F292-4B7E-AB50-457453D6B0C8}.Retail|Mixed Platforms.Build.0 = Release|Any CPU
		{77742DD2-F292-4B7E-AB50-457453D6B0C8}.Retail|x86.ActiveCfg = Release|Any CPU
		{77742DD2-F292-4B7E-AB50-457453D6B0C8}.Trial|Any CPU.ActiveCfg = Release|Any CPU
		{77742DD2-F292-4B7E-AB50-457453D6B0C8}.Trial|Any CPU.Build.0 = Release|Any CPU
		{77742DD2-F292-4B7E-AB50-457453D6B0C8}.Trial|Mixed Platforms.ActiveCfg = Release|Any CPU
		{77742DD2-F292-4B7E-AB50-457453D6B0C8}.Trial|Mixed Platforms.Build.0 = Release|Any CPU
		{77742DD2-F292-4B7E-AB50-457453D6B0C8}.Trial|x86.ActiveCfg = Release|Any CPU
		{AC54AD63-6193-4049-B29A-D197771D165B}.Debug|Any CPU.ActiveCfg = Debug|Any CPU
		{AC54AD63-6193-4049-B29A-D197771D165B}.Debug|Any CPU.Build.0 = Debug|Any CPU
		{AC54AD63-6193-4049-B29A-D197771D165B}.Debug|Mixed Platforms.ActiveCfg = Debug|Any CPU
		{AC54AD63-6193-4049-B29A-D197771D165B}.Debug|Mixed Platforms.Build.0 = Debug|Any CPU
		{AC54AD63-6193-4049-B29A-D197771D165B}.Debug|x86.ActiveCfg = Debug|Any CPU
		{AC54AD63-6193-4049-B29A-D197771D165B}.MailSystem Dev|Any CPU.ActiveCfg = Release|Any CPU
		{AC54AD63-6193-4049-B29A-D197771D165B}.MailSystem Dev|Any CPU.Build.0 = Release|Any CPU
		{AC54AD63-6193-4049-B29A-D197771D165B}.MailSystem Dev|Mixed Platforms.ActiveCfg = Release|Any CPU
		{AC54AD63-6193-4049-B29A-D197771D165B}.MailSystem Dev|Mixed Platforms.Build.0 = Release|Any CPU
		{AC54AD63-6193-4049-B29A-D197771D165B}.MailSystem Dev|x86.ActiveCfg = Release|Any CPU
		{AC54AD63-6193-4049-B29A-D197771D165B}.Release|Any CPU.ActiveCfg = Release|Any CPU
		{AC54AD63-6193-4049-B29A-D197771D165B}.Release|Any CPU.Build.0 = Release|Any CPU
		{AC54AD63-6193-4049-B29A-D197771D165B}.Release|Mixed Platforms.ActiveCfg = Release|Any CPU
		{AC54AD63-6193-4049-B29A-D197771D165B}.Release|Mixed Platforms.Build.0 = Release|Any CPU
		{AC54AD63-6193-4049-B29A-D197771D165B}.Release|x86.ActiveCfg = Release|Any CPU
		{AC54AD63-6193-4049-B29A-D197771D165B}.Retail|Any CPU.ActiveCfg = Release|Any CPU
		{AC54AD63-6193-4049-B29A-D197771D165B}.Retail|Any CPU.Build.0 = Release|Any CPU
		{AC54AD63-6193-4049-B29A-D197771D165B}.Retail|Mixed Platforms.ActiveCfg = Release|Any CPU
		{AC54AD63-6193-4049-B29A-D197771D165B}.Retail|Mixed Platforms.Build.0 = Release|Any CPU
		{AC54AD63-6193-4049-B29A-D197771D165B}.Retail|x86.ActiveCfg = Release|Any CPU
		{AC54AD63-6193-4049-B29A-D197771D165B}.Trial|Any CPU.ActiveCfg = Release|Any CPU
		{AC54AD63-6193-4049-B29A-D197771D165B}.Trial|Any CPU.Build.0 = Release|Any CPU
		{AC54AD63-6193-4049-B29A-D197771D165B}.Trial|Mixed Platforms.ActiveCfg = Release|Any CPU
		{AC54AD63-6193-4049-B29A-D197771D165B}.Trial|Mixed Platforms.Build.0 = Release|Any CPU
		{AC54AD63-6193-4049-B29A-D197771D165B}.Trial|x86.ActiveCfg = Release|Any CPU
		{2A9965DD-1B4B-4254-95E1-6C68EB2D3626}.Debug|Any CPU.ActiveCfg = Debug|Any CPU
		{2A9965DD-1B4B-4254-95E1-6C68EB2D3626}.Debug|Any CPU.Build.0 = Debug|Any CPU
		{2A9965DD-1B4B-4254-95E1-6C68EB2D3626}.Debug|Mixed Platforms.ActiveCfg = Debug|Any CPU
		{2A9965DD-1B4B-4254-95E1-6C68EB2D3626}.Debug|Mixed Platforms.Build.0 = Debug|Any CPU
		{2A9965DD-1B4B-4254-95E1-6C68EB2D3626}.Debug|x86.ActiveCfg = Debug|Any CPU
		{2A9965DD-1B4B-4254-95E1-6C68EB2D3626}.MailSystem Dev|Any CPU.ActiveCfg = Release|Any CPU
		{2A9965DD-1B4B-4254-95E1-6C68EB2D3626}.MailSystem Dev|Any CPU.Build.0 = Release|Any CPU
		{2A9965DD-1B4B-4254-95E1-6C68EB2D3626}.MailSystem Dev|Mixed Platforms.ActiveCfg = Release|Any CPU
		{2A9965DD-1B4B-4254-95E1-6C68EB2D3626}.MailSystem Dev|Mixed Platforms.Build.0 = Release|Any CPU
		{2A9965DD-1B4B-4254-95E1-6C68EB2D3626}.MailSystem Dev|x86.ActiveCfg = Release|Any CPU
		{2A9965DD-1B4B-4254-95E1-6C68EB2D3626}.Release|Any CPU.ActiveCfg = Release|Any CPU
		{2A9965DD-1B4B-4254-95E1-6C68EB2D3626}.Release|Any CPU.Build.0 = Release|Any CPU
		{2A9965DD-1B4B-4254-95E1-6C68EB2D3626}.Release|Mixed Platforms.ActiveCfg = Release|Any CPU
		{2A9965DD-1B4B-4254-95E1-6C68EB2D3626}.Release|Mixed Platforms.Build.0 = Release|Any CPU
		{2A9965DD-1B4B-4254-95E1-6C68EB2D3626}.Release|x86.ActiveCfg = Release|Any CPU
		{2A9965DD-1B4B-4254-95E1-6C68EB2D3626}.Retail|Any CPU.ActiveCfg = Release|Any CPU
		{2A9965DD-1B4B-4254-95E1-6C68EB2D3626}.Retail|Any CPU.Build.0 = Release|Any CPU
		{2A9965DD-1B4B-4254-95E1-6C68EB2D3626}.Retail|Mixed Platforms.ActiveCfg = Release|Any CPU
		{2A9965DD-1B4B-4254-95E1-6C68EB2D3626}.Retail|Mixed Platforms.Build.0 = Release|Any CPU
		{2A9965DD-1B4B-4254-95E1-6C68EB2D3626}.Retail|x86.ActiveCfg = Release|Any CPU
		{2A9965DD-1B4B-4254-95E1-6C68EB2D3626}.Trial|Any CPU.ActiveCfg = Release|Any CPU
		{2A9965DD-1B4B-4254-95E1-6C68EB2D3626}.Trial|Any CPU.Build.0 = Release|Any CPU
		{2A9965DD-1B4B-4254-95E1-6C68EB2D3626}.Trial|Mixed Platforms.ActiveCfg = Release|Any CPU
		{2A9965DD-1B4B-4254-95E1-6C68EB2D3626}.Trial|Mixed Platforms.Build.0 = Release|Any CPU
		{2A9965DD-1B4B-4254-95E1-6C68EB2D3626}.Trial|x86.ActiveCfg = Release|Any CPU
		{2737ED4F-372C-4DDE-9094-5A7EA06994AF}.Debug|Any CPU.ActiveCfg = Debug|Any CPU
		{2737ED4F-372C-4DDE-9094-5A7EA06994AF}.Debug|Any CPU.Build.0 = Debug|Any CPU
		{2737ED4F-372C-4DDE-9094-5A7EA06994AF}.Debug|Mixed Platforms.ActiveCfg = Debug|Any CPU
		{2737ED4F-372C-4DDE-9094-5A7EA06994AF}.Debug|Mixed Platforms.Build.0 = Debug|Any CPU
		{2737ED4F-372C-4DDE-9094-5A7EA06994AF}.Debug|x86.ActiveCfg = Debug|Any CPU
		{2737ED4F-372C-4DDE-9094-5A7EA06994AF}.MailSystem Dev|Any CPU.ActiveCfg = Release|Any CPU
		{2737ED4F-372C-4DDE-9094-5A7EA06994AF}.MailSystem Dev|Any CPU.Build.0 = Release|Any CPU
		{2737ED4F-372C-4DDE-9094-5A7EA06994AF}.MailSystem Dev|Mixed Platforms.ActiveCfg = Release|Any CPU
		{2737ED4F-372C-4DDE-9094-5A7EA06994AF}.MailSystem Dev|Mixed Platforms.Build.0 = Release|Any CPU
		{2737ED4F-372C-4DDE-9094-5A7EA06994AF}.MailSystem Dev|x86.ActiveCfg = Release|Any CPU
		{2737ED4F-372C-4DDE-9094-5A7EA06994AF}.Release|Any CPU.ActiveCfg = Release|Any CPU
		{2737ED4F-372C-4DDE-9094-5A7EA06994AF}.Release|Any CPU.Build.0 = Release|Any CPU
		{2737ED4F-372C-4DDE-9094-5A7EA06994AF}.Release|Mixed Platforms.ActiveCfg = Release|Any CPU
		{2737ED4F-372C-4DDE-9094-5A7EA06994AF}.Release|Mixed Platforms.Build.0 = Release|Any CPU
		{2737ED4F-372C-4DDE-9094-5A7EA06994AF}.Release|x86.ActiveCfg = Release|Any CPU
		{2737ED4F-372C-4DDE-9094-5A7EA06994AF}.Retail|Any CPU.ActiveCfg = Release|Any CPU
		{2737ED4F-372C-4DDE-9094-5A7EA06994AF}.Retail|Any CPU.Build.0 = Release|Any CPU
		{2737ED4F-372C-4DDE-9094-5A7EA06994AF}.Retail|Mixed Platforms.ActiveCfg = Release|Any CPU
		{2737ED4F-372C-4DDE-9094-5A7EA06994AF}.Retail|Mixed Platforms.Build.0 = Release|Any CPU
		{2737ED4F-372C-4DDE-9094-5A7EA06994AF}.Retail|x86.ActiveCfg = Release|Any CPU
		{2737ED4F-372C-4DDE-9094-5A7EA06994AF}.Trial|Any CPU.ActiveCfg = Release|Any CPU
		{2737ED4F-372C-4DDE-9094-5A7EA06994AF}.Trial|Any CPU.Build.0 = Release|Any CPU
		{2737ED4F-372C-4DDE-9094-5A7EA06994AF}.Trial|Mixed Platforms.ActiveCfg = Release|Any CPU
		{2737ED4F-372C-4DDE-9094-5A7EA06994AF}.Trial|Mixed Platforms.Build.0 = Release|Any CPU
		{2737ED4F-372C-4DDE-9094-5A7EA06994AF}.Trial|x86.ActiveCfg = Release|Any CPU
		{407B0B57-E6F1-4B42-9851-82CAE0852160}.Debug|Any CPU.ActiveCfg = Debug|Any CPU
		{407B0B57-E6F1-4B42-9851-82CAE0852160}.Debug|Any CPU.Build.0 = Debug|Any CPU
		{407B0B57-E6F1-4B42-9851-82CAE0852160}.Debug|Mixed Platforms.ActiveCfg = Debug|Any CPU
		{407B0B57-E6F1-4B42-9851-82CAE0852160}.Debug|Mixed Platforms.Build.0 = Debug|Any CPU
		{407B0B57-E6F1-4B42-9851-82CAE0852160}.Debug|x86.ActiveCfg = Debug|Any CPU
		{407B0B57-E6F1-4B42-9851-82CAE0852160}.MailSystem Dev|Any CPU.ActiveCfg = Release|Any CPU
		{407B0B57-E6F1-4B42-9851-82CAE0852160}.MailSystem Dev|Any CPU.Build.0 = Release|Any CPU
		{407B0B57-E6F1-4B42-9851-82CAE0852160}.MailSystem Dev|Mixed Platforms.ActiveCfg = Release|Any CPU
		{407B0B57-E6F1-4B42-9851-82CAE0852160}.MailSystem Dev|Mixed Platforms.Build.0 = Release|Any CPU
		{407B0B57-E6F1-4B42-9851-82CAE0852160}.MailSystem Dev|x86.ActiveCfg = Release|Any CPU
		{407B0B57-E6F1-4B42-9851-82CAE0852160}.Release|Any CPU.ActiveCfg = Release|Any CPU
		{407B0B57-E6F1-4B42-9851-82CAE0852160}.Release|Any CPU.Build.0 = Release|Any CPU
		{407B0B57-E6F1-4B42-9851-82CAE0852160}.Release|Mixed Platforms.ActiveCfg = Release|Any CPU
		{407B0B57-E6F1-4B42-9851-82CAE0852160}.Release|Mixed Platforms.Build.0 = Release|Any CPU
		{407B0B57-E6F1-4B42-9851-82CAE0852160}.Release|x86.ActiveCfg = Release|Any CPU
		{407B0B57-E6F1-4B42-9851-82CAE0852160}.Retail|Any CPU.ActiveCfg = Release|Any CPU
		{407B0B57-E6F1-4B42-9851-82CAE0852160}.Retail|Any CPU.Build.0 = Release|Any CPU
		{407B0B57-E6F1-4B42-9851-82CAE0852160}.Retail|Mixed Platforms.ActiveCfg = Release|Any CPU
		{407B0B57-E6F1-4B42-9851-82CAE0852160}.Retail|Mixed Platforms.Build.0 = Release|Any CPU
		{407B0B57-E6F1-4B42-9851-82CAE0852160}.Retail|x86.ActiveCfg = Release|Any CPU
		{407B0B57-E6F1-4B42-9851-82CAE0852160}.Trial|Any CPU.ActiveCfg = Release|Any CPU
		{407B0B57-E6F1-4B42-9851-82CAE0852160}.Trial|Any CPU.Build.0 = Release|Any CPU
		{407B0B57-E6F1-4B42-9851-82CAE0852160}.Trial|Mixed Platforms.ActiveCfg = Release|Any CPU
		{407B0B57-E6F1-4B42-9851-82CAE0852160}.Trial|Mixed Platforms.Build.0 = Release|Any CPU
		{407B0B57-E6F1-4B42-9851-82CAE0852160}.Trial|x86.ActiveCfg = Release|Any CPU
		{A880C34E-3363-4604-A27D-88DF30F7FE68}.Debug|Any CPU.ActiveCfg = Debug|Any CPU
		{A880C34E-3363-4604-A27D-88DF30F7FE68}.Debug|Any CPU.Build.0 = Debug|Any CPU
		{A880C34E-3363-4604-A27D-88DF30F7FE68}.Debug|Mixed Platforms.ActiveCfg = Debug|Any CPU
		{A880C34E-3363-4604-A27D-88DF30F7FE68}.Debug|Mixed Platforms.Build.0 = Debug|Any CPU
		{A880C34E-3363-4604-A27D-88DF30F7FE68}.Debug|x86.ActiveCfg = Debug|Any CPU
		{A880C34E-3363-4604-A27D-88DF30F7FE68}.MailSystem Dev|Any CPU.ActiveCfg = Release|Any CPU
		{A880C34E-3363-4604-A27D-88DF30F7FE68}.MailSystem Dev|Any CPU.Build.0 = Release|Any CPU
		{A880C34E-3363-4604-A27D-88DF30F7FE68}.MailSystem Dev|Mixed Platforms.ActiveCfg = Release|Any CPU
		{A880C34E-3363-4604-A27D-88DF30F7FE68}.MailSystem Dev|Mixed Platforms.Build.0 = Release|Any CPU
		{A880C34E-3363-4604-A27D-88DF30F7FE68}.MailSystem Dev|x86.ActiveCfg = Release|Any CPU
		{A880C34E-3363-4604-A27D-88DF30F7FE68}.Release|Any CPU.ActiveCfg = Release|Any CPU
		{A880C34E-3363-4604-A27D-88DF30F7FE68}.Release|Any CPU.Build.0 = Release|Any CPU
		{A880C34E-3363-4604-A27D-88DF30F7FE68}.Release|Mixed Platforms.ActiveCfg = Release|Any CPU
		{A880C34E-3363-4604-A27D-88DF30F7FE68}.Release|Mixed Platforms.Build.0 = Release|Any CPU
		{A880C34E-3363-4604-A27D-88DF30F7FE68}.Release|x86.ActiveCfg = Release|Any CPU
		{A880C34E-3363-4604-A27D-88DF30F7FE68}.Retail|Any CPU.ActiveCfg = Release|Any CPU
		{A880C34E-3363-4604-A27D-88DF30F7FE68}.Retail|Any CPU.Build.0 = Release|Any CPU
		{A880C34E-3363-4604-A27D-88DF30F7FE68}.Retail|Mixed Platforms.ActiveCfg = Release|Any CPU
		{A880C34E-3363-4604-A27D-88DF30F7FE68}.Retail|Mixed Platforms.Build.0 = Release|Any CPU
		{A880C34E-3363-4604-A27D-88DF30F7FE68}.Retail|x86.ActiveCfg = Release|Any CPU
		{A880C34E-3363-4604-A27D-88DF30F7FE68}.Trial|Any CPU.ActiveCfg = Release|Any CPU
		{A880C34E-3363-4604-A27D-88DF30F7FE68}.Trial|Any CPU.Build.0 = Release|Any CPU
		{A880C34E-3363-4604-A27D-88DF30F7FE68}.Trial|Mixed Platforms.ActiveCfg = Release|Any CPU
		{A880C34E-3363-4604-A27D-88DF30F7FE68}.Trial|Mixed Platforms.Build.0 = Release|Any CPU
		{A880C34E-3363-4604-A27D-88DF30F7FE68}.Trial|x86.ActiveCfg = Release|Any CPU
		{A339C265-0C65-4AAF-A2D2-FA870779633C}.Debug|Any CPU.ActiveCfg = Debug|Any CPU
		{A339C265-0C65-4AAF-A2D2-FA870779633C}.Debug|Any CPU.Build.0 = Debug|Any CPU
		{A339C265-0C65-4AAF-A2D2-FA870779633C}.Debug|Mixed Platforms.ActiveCfg = Debug|Any CPU
		{A339C265-0C65-4AAF-A2D2-FA870779633C}.Debug|Mixed Platforms.Build.0 = Debug|Any CPU
		{A339C265-0C65-4AAF-A2D2-FA870779633C}.Debug|x86.ActiveCfg = Debug|Any CPU
		{A339C265-0C65-4AAF-A2D2-FA870779633C}.MailSystem Dev|Any CPU.ActiveCfg = Release|Any CPU
		{A339C265-0C65-4AAF-A2D2-FA870779633C}.MailSystem Dev|Any CPU.Build.0 = Release|Any CPU
		{A339C265-0C65-4AAF-A2D2-FA870779633C}.MailSystem Dev|Mixed Platforms.ActiveCfg = Release|Any CPU
		{A339C265-0C65-4AAF-A2D2-FA870779633C}.MailSystem Dev|Mixed Platforms.Build.0 = Release|Any CPU
		{A339C265-0C65-4AAF-A2D2-FA870779633C}.MailSystem Dev|x86.ActiveCfg = Release|Any CPU
		{A339C265-0C65-4AAF-A2D2-FA870779633C}.Release|Any CPU.ActiveCfg = Release|Any CPU
		{A339C265-0C65-4AAF-A2D2-FA870779633C}.Release|Any CPU.Build.0 = Release|Any CPU
		{A339C265-0C65-4AAF-A2D2-FA870779633C}.Release|Mixed Platforms.ActiveCfg = Release|Any CPU
		{A339C265-0C65-4AAF-A2D2-FA870779633C}.Release|Mixed Platforms.Build.0 = Release|Any CPU
		{A339C265-0C65-4AAF-A2D2-FA870779633C}.Release|x86.ActiveCfg = Release|Any CPU
		{A339C265-0C65-4AAF-A2D2-FA870779633C}.Retail|Any CPU.ActiveCfg = Release|Any CPU
		{A339C265-0C65-4AAF-A2D2-FA870779633C}.Retail|Any CPU.Build.0 = Release|Any CPU
		{A339C265-0C65-4AAF-A2D2-FA870779633C}.Retail|Mixed Platforms.ActiveCfg = Release|Any CPU
		{A339C265-0C65-4AAF-A2D2-FA870779633C}.Retail|Mixed Platforms.Build.0 = Release|Any CPU
		{A339C265-0C65-4AAF-A2D2-FA870779633C}.Retail|x86.ActiveCfg = Release|Any CPU
		{A339C265-0C65-4AAF-A2D2-FA870779633C}.Trial|Any CPU.ActiveCfg = Release|Any CPU
		{A339C265-0C65-4AAF-A2D2-FA870779633C}.Trial|Any CPU.Build.0 = Release|Any CPU
		{A339C265-0C65-4AAF-A2D2-FA870779633C}.Trial|Mixed Platforms.ActiveCfg = Release|Any CPU
		{A339C265-0C65-4AAF-A2D2-FA870779633C}.Trial|Mixed Platforms.Build.0 = Release|Any CPU
		{A339C265-0C65-4AAF-A2D2-FA870779633C}.Trial|x86.ActiveCfg = Release|Any CPU
		{6E973B8B-E867-49D9-89E6-30201CF473E9}.Debug|Any CPU.ActiveCfg = Debug|Any CPU
		{6E973B8B-E867-49D9-89E6-30201CF473E9}.Debug|Any CPU.Build.0 = Debug|Any CPU
		{6E973B8B-E867-49D9-89E6-30201CF473E9}.Debug|Mixed Platforms.ActiveCfg = Debug|Any CPU
		{6E973B8B-E867-49D9-89E6-30201CF473E9}.Debug|Mixed Platforms.Build.0 = Debug|Any CPU
		{6E973B8B-E867-49D9-89E6-30201CF473E9}.Debug|x86.ActiveCfg = Debug|Any CPU
		{6E973B8B-E867-49D9-89E6-30201CF473E9}.MailSystem Dev|Any CPU.ActiveCfg = Release|Any CPU
		{6E973B8B-E867-49D9-89E6-30201CF473E9}.MailSystem Dev|Any CPU.Build.0 = Release|Any CPU
		{6E973B8B-E867-49D9-89E6-30201CF473E9}.MailSystem Dev|Mixed Platforms.ActiveCfg = Release|Any CPU
		{6E973B8B-E867-49D9-89E6-30201CF473E9}.MailSystem Dev|Mixed Platforms.Build.0 = Release|Any CPU
		{6E973B8B-E867-49D9-89E6-30201CF473E9}.MailSystem Dev|x86.ActiveCfg = Release|Any CPU
		{6E973B8B-E867-49D9-89E6-30201CF473E9}.Release|Any CPU.ActiveCfg = Release|Any CPU
		{6E973B8B-E867-49D9-89E6-30201CF473E9}.Release|Any CPU.Build.0 = Release|Any CPU
		{6E973B8B-E867-49D9-89E6-30201CF473E9}.Release|Mixed Platforms.ActiveCfg = Release|Any CPU
		{6E973B8B-E867-49D9-89E6-30201CF473E9}.Release|Mixed Platforms.Build.0 = Release|Any CPU
		{6E973B8B-E867-49D9-89E6-30201CF473E9}.Release|x86.ActiveCfg = Release|Any CPU
		{6E973B8B-E867-49D9-89E6-30201CF473E9}.Retail|Any CPU.ActiveCfg = Release|Any CPU
		{6E973B8B-E867-49D9-89E6-30201CF473E9}.Retail|Any CPU.Build.0 = Release|Any CPU
		{6E973B8B-E867-49D9-89E6-30201CF473E9}.Retail|Mixed Platforms.ActiveCfg = Release|Any CPU
		{6E973B8B-E867-49D9-89E6-30201CF473E9}.Retail|Mixed Platforms.Build.0 = Release|Any CPU
		{6E973B8B-E867-49D9-89E6-30201CF473E9}.Retail|x86.ActiveCfg = Release|Any CPU
		{6E973B8B-E867-49D9-89E6-30201CF473E9}.Trial|Any CPU.ActiveCfg = Release|Any CPU
		{6E973B8B-E867-49D9-89E6-30201CF473E9}.Trial|Any CPU.Build.0 = Release|Any CPU
		{6E973B8B-E867-49D9-89E6-30201CF473E9}.Trial|Mixed Platforms.ActiveCfg = Release|Any CPU
		{6E973B8B-E867-49D9-89E6-30201CF473E9}.Trial|Mixed Platforms.Build.0 = Release|Any CPU
		{6E973B8B-E867-49D9-89E6-30201CF473E9}.Trial|x86.ActiveCfg = Release|Any CPU
		{204BB520-11E7-4F1B-A833-AE9938E85E5D}.Debug|Any CPU.ActiveCfg = Debug|Any CPU
		{204BB520-11E7-4F1B-A833-AE9938E85E5D}.Debug|Any CPU.Build.0 = Debug|Any CPU
		{204BB520-11E7-4F1B-A833-AE9938E85E5D}.Debug|Mixed Platforms.ActiveCfg = Debug|Any CPU
		{204BB520-11E7-4F1B-A833-AE9938E85E5D}.Debug|Mixed Platforms.Build.0 = Debug|Any CPU
		{204BB520-11E7-4F1B-A833-AE9938E85E5D}.Debug|x86.ActiveCfg = Debug|Any CPU
		{204BB520-11E7-4F1B-A833-AE9938E85E5D}.MailSystem Dev|Any CPU.ActiveCfg = Release|Any CPU
		{204BB520-11E7-4F1B-A833-AE9938E85E5D}.MailSystem Dev|Any CPU.Build.0 = Release|Any CPU
		{204BB520-11E7-4F1B-A833-AE9938E85E5D}.MailSystem Dev|Mixed Platforms.ActiveCfg = Release|Any CPU
		{204BB520-11E7-4F1B-A833-AE9938E85E5D}.MailSystem Dev|Mixed Platforms.Build.0 = Release|Any CPU
		{204BB520-11E7-4F1B-A833-AE9938E85E5D}.MailSystem Dev|x86.ActiveCfg = Release|Any CPU
		{204BB520-11E7-4F1B-A833-AE9938E85E5D}.Release|Any CPU.ActiveCfg = Release|Any CPU
		{204BB520-11E7-4F1B-A833-AE9938E85E5D}.Release|Any CPU.Build.0 = Release|Any CPU
		{204BB520-11E7-4F1B-A833-AE9938E85E5D}.Release|Mixed Platforms.ActiveCfg = Release|Any CPU
		{204BB520-11E7-4F1B-A833-AE9938E85E5D}.Release|Mixed Platforms.Build.0 = Release|Any CPU
		{204BB520-11E7-4F1B-A833-AE9938E85E5D}.Release|x86.ActiveCfg = Release|Any CPU
		{204BB520-11E7-4F1B-A833-AE9938E85E5D}.Retail|Any CPU.ActiveCfg = Release|Any CPU
		{204BB520-11E7-4F1B-A833-AE9938E85E5D}.Retail|Any CPU.Build.0 = Release|Any CPU
		{204BB520-11E7-4F1B-A833-AE9938E85E5D}.Retail|Mixed Platforms.ActiveCfg = Release|Any CPU
		{204BB520-11E7-4F1B-A833-AE9938E85E5D}.Retail|Mixed Platforms.Build.0 = Release|Any CPU
		{204BB520-11E7-4F1B-A833-AE9938E85E5D}.Retail|x86.ActiveCfg = Release|Any CPU
		{204BB520-11E7-4F1B-A833-AE9938E85E5D}.Trial|Any CPU.ActiveCfg = Release|Any CPU
		{204BB520-11E7-4F1B-A833-AE9938E85E5D}.Trial|Any CPU.Build.0 = Release|Any CPU
		{204BB520-11E7-4F1B-A833-AE9938E85E5D}.Trial|Mixed Platforms.ActiveCfg = Release|Any CPU
		{204BB520-11E7-4F1B-A833-AE9938E85E5D}.Trial|Mixed Platforms.Build.0 = Release|Any CPU
		{204BB520-11E7-4F1B-A833-AE9938E85E5D}.Trial|x86.ActiveCfg = Release|Any CPU
		{7F550D4B-8B0A-4682-AFDA-5FB22472B781}.Debug|Any CPU.ActiveCfg = Debug|Any CPU
		{7F550D4B-8B0A-4682-AFDA-5FB22472B781}.Debug|Any CPU.Build.0 = Debug|Any CPU
		{7F550D4B-8B0A-4682-AFDA-5FB22472B781}.Debug|Mixed Platforms.ActiveCfg = Debug|Any CPU
		{7F550D4B-8B0A-4682-AFDA-5FB22472B781}.Debug|Mixed Platforms.Build.0 = Debug|Any CPU
		{7F550D4B-8B0A-4682-AFDA-5FB22472B781}.Debug|x86.ActiveCfg = Debug|Any CPU
		{7F550D4B-8B0A-4682-AFDA-5FB22472B781}.MailSystem Dev|Any CPU.ActiveCfg = Release|Any CPU
		{7F550D4B-8B0A-4682-AFDA-5FB22472B781}.MailSystem Dev|Any CPU.Build.0 = Release|Any CPU
		{7F550D4B-8B0A-4682-AFDA-5FB22472B781}.MailSystem Dev|Mixed Platforms.ActiveCfg = Release|Any CPU
		{7F550D4B-8B0A-4682-AFDA-5FB22472B781}.MailSystem Dev|Mixed Platforms.Build.0 = Release|Any CPU
		{7F550D4B-8B0A-4682-AFDA-5FB22472B781}.MailSystem Dev|x86.ActiveCfg = Release|Any CPU
		{7F550D4B-8B0A-4682-AFDA-5FB22472B781}.Release|Any CPU.ActiveCfg = Release|Any CPU
		{7F550D4B-8B0A-4682-AFDA-5FB22472B781}.Release|Any CPU.Build.0 = Release|Any CPU
		{7F550D4B-8B0A-4682-AFDA-5FB22472B781}.Release|Mixed Platforms.ActiveCfg = Release|Any CPU
		{7F550D4B-8B0A-4682-AFDA-5FB22472B781}.Release|Mixed Platforms.Build.0 = Release|Any CPU
		{7F550D4B-8B0A-4682-AFDA-5FB22472B781}.Release|x86.ActiveCfg = Release|Any CPU
		{7F550D4B-8B0A-4682-AFDA-5FB22472B781}.Retail|Any CPU.ActiveCfg = Release|Any CPU
		{7F550D4B-8B0A-4682-AFDA-5FB22472B781}.Retail|Any CPU.Build.0 = Release|Any CPU
		{7F550D4B-8B0A-4682-AFDA-5FB22472B781}.Retail|Mixed Platforms.ActiveCfg = Release|Any CPU
		{7F550D4B-8B0A-4682-AFDA-5FB22472B781}.Retail|Mixed Platforms.Build.0 = Release|Any CPU
		{7F550D4B-8B0A-4682-AFDA-5FB22472B781}.Retail|x86.ActiveCfg = Release|Any CPU
		{7F550D4B-8B0A-4682-AFDA-5FB22472B781}.Trial|Any CPU.ActiveCfg = Release|Any CPU
		{7F550D4B-8B0A-4682-AFDA-5FB22472B781}.Trial|Any CPU.Build.0 = Release|Any CPU
		{7F550D4B-8B0A-4682-AFDA-5FB22472B781}.Trial|Mixed Platforms.ActiveCfg = Release|Any CPU
		{7F550D4B-8B0A-4682-AFDA-5FB22472B781}.Trial|Mixed Platforms.Build.0 = Release|Any CPU
		{7F550D4B-8B0A-4682-AFDA-5FB22472B781}.Trial|x86.ActiveCfg = Release|Any CPU
		{A1085412-3BAD-48B1-A3D2-D25522D42BD3}.Debug|Any CPU.ActiveCfg = Debug|Any CPU
		{A1085412-3BAD-48B1-A3D2-D25522D42BD3}.Debug|Any CPU.Build.0 = Debug|Any CPU
		{A1085412-3BAD-48B1-A3D2-D25522D42BD3}.Debug|Mixed Platforms.ActiveCfg = Debug|Any CPU
		{A1085412-3BAD-48B1-A3D2-D25522D42BD3}.Debug|Mixed Platforms.Build.0 = Debug|Any CPU
		{A1085412-3BAD-48B1-A3D2-D25522D42BD3}.Debug|x86.ActiveCfg = Debug|Any CPU
		{A1085412-3BAD-48B1-A3D2-D25522D42BD3}.MailSystem Dev|Any CPU.ActiveCfg = Release|Any CPU
		{A1085412-3BAD-48B1-A3D2-D25522D42BD3}.MailSystem Dev|Any CPU.Build.0 = Release|Any CPU
		{A1085412-3BAD-48B1-A3D2-D25522D42BD3}.MailSystem Dev|Mixed Platforms.ActiveCfg = Release|Any CPU
		{A1085412-3BAD-48B1-A3D2-D25522D42BD3}.MailSystem Dev|Mixed Platforms.Build.0 = Release|Any CPU
		{A1085412-3BAD-48B1-A3D2-D25522D42BD3}.MailSystem Dev|x86.ActiveCfg = Release|Any CPU
		{A1085412-3BAD-48B1-A3D2-D25522D42BD3}.Release|Any CPU.ActiveCfg = Release|Any CPU
		{A1085412-3BAD-48B1-A3D2-D25522D42BD3}.Release|Any CPU.Build.0 = Release|Any CPU
		{A1085412-3BAD-48B1-A3D2-D25522D42BD3}.Release|Mixed Platforms.ActiveCfg = Release|Any CPU
		{A1085412-3BAD-48B1-A3D2-D25522D42BD3}.Release|Mixed Platforms.Build.0 = Release|Any CPU
		{A1085412-3BAD-48B1-A3D2-D25522D42BD3}.Release|x86.ActiveCfg = Release|Any CPU
		{A1085412-3BAD-48B1-A3D2-D25522D42BD3}.Retail|Any CPU.ActiveCfg = Release|Any CPU
		{A1085412-3BAD-48B1-A3D2-D25522D42BD3}.Retail|Any CPU.Build.0 = Release|Any CPU
		{A1085412-3BAD-48B1-A3D2-D25522D42BD3}.Retail|Mixed Platforms.ActiveCfg = Release|Any CPU
		{A1085412-3BAD-48B1-A3D2-D25522D42BD3}.Retail|Mixed Platforms.Build.0 = Release|Any CPU
		{A1085412-3BAD-48B1-A3D2-D25522D42BD3}.Retail|x86.ActiveCfg = Release|Any CPU
		{A1085412-3BAD-48B1-A3D2-D25522D42BD3}.Trial|Any CPU.ActiveCfg = Release|Any CPU
		{A1085412-3BAD-48B1-A3D2-D25522D42BD3}.Trial|Any CPU.Build.0 = Release|Any CPU
		{A1085412-3BAD-48B1-A3D2-D25522D42BD3}.Trial|Mixed Platforms.ActiveCfg = Release|Any CPU
		{A1085412-3BAD-48B1-A3D2-D25522D42BD3}.Trial|Mixed Platforms.Build.0 = Release|Any CPU
		{A1085412-3BAD-48B1-A3D2-D25522D42BD3}.Trial|x86.ActiveCfg = Release|Any CPU
		{1040CEC2-FDCE-4E6B-9973-0AFE94F21671}.Debug|Any CPU.ActiveCfg = Debug|Any CPU
		{1040CEC2-FDCE-4E6B-9973-0AFE94F21671}.Debug|Any CPU.Build.0 = Debug|Any CPU
		{1040CEC2-FDCE-4E6B-9973-0AFE94F21671}.Debug|Mixed Platforms.ActiveCfg = Debug|Any CPU
		{1040CEC2-FDCE-4E6B-9973-0AFE94F21671}.Debug|Mixed Platforms.Build.0 = Debug|Any CPU
		{1040CEC2-FDCE-4E6B-9973-0AFE94F21671}.Debug|x86.ActiveCfg = Debug|Any CPU
		{1040CEC2-FDCE-4E6B-9973-0AFE94F21671}.MailSystem Dev|Any CPU.ActiveCfg = Release|Any CPU
		{1040CEC2-FDCE-4E6B-9973-0AFE94F21671}.MailSystem Dev|Any CPU.Build.0 = Release|Any CPU
		{1040CEC2-FDCE-4E6B-9973-0AFE94F21671}.MailSystem Dev|Mixed Platforms.ActiveCfg = Release|Any CPU
		{1040CEC2-FDCE-4E6B-9973-0AFE94F21671}.MailSystem Dev|Mixed Platforms.Build.0 = Release|Any CPU
		{1040CEC2-FDCE-4E6B-9973-0AFE94F21671}.MailSystem Dev|x86.ActiveCfg = Release|Any CPU
		{1040CEC2-FDCE-4E6B-9973-0AFE94F21671}.Release|Any CPU.ActiveCfg = Release|Any CPU
		{1040CEC2-FDCE-4E6B-9973-0AFE94F21671}.Release|Any CPU.Build.0 = Release|Any CPU
		{1040CEC2-FDCE-4E6B-9973-0AFE94F21671}.Release|Mixed Platforms.ActiveCfg = Release|Any CPU
		{1040CEC2-FDCE-4E6B-9973-0AFE94F21671}.Release|Mixed Platforms.Build.0 = Release|Any CPU
		{1040CEC2-FDCE-4E6B-9973-0AFE94F21671}.Release|x86.ActiveCfg = Release|Any CPU
		{1040CEC2-FDCE-4E6B-9973-0AFE94F21671}.Retail|Any CPU.ActiveCfg = Release|Any CPU
		{1040CEC2-FDCE-4E6B-9973-0AFE94F21671}.Retail|Any CPU.Build.0 = Release|Any CPU
		{1040CEC2-FDCE-4E6B-9973-0AFE94F21671}.Retail|Mixed Platforms.ActiveCfg = Release|Any CPU
		{1040CEC2-FDCE-4E6B-9973-0AFE94F21671}.Retail|Mixed Platforms.Build.0 = Release|Any CPU
		{1040CEC2-FDCE-4E6B-9973-0AFE94F21671}.Retail|x86.ActiveCfg = Release|Any CPU
		{1040CEC2-FDCE-4E6B-9973-0AFE94F21671}.Trial|Any CPU.ActiveCfg = Release|Any CPU
		{1040CEC2-FDCE-4E6B-9973-0AFE94F21671}.Trial|Any CPU.Build.0 = Release|Any CPU
		{1040CEC2-FDCE-4E6B-9973-0AFE94F21671}.Trial|Mixed Platforms.ActiveCfg = Release|Any CPU
		{1040CEC2-FDCE-4E6B-9973-0AFE94F21671}.Trial|Mixed Platforms.Build.0 = Release|Any CPU
		{1040CEC2-FDCE-4E6B-9973-0AFE94F21671}.Trial|x86.ActiveCfg = Release|Any CPU
		{C4ADB4F4-21EA-4DA9-BEF3-D8ED137386A0}.Debug|Any CPU.ActiveCfg = Debug|Any CPU
		{C4ADB4F4-21EA-4DA9-BEF3-D8ED137386A0}.Debug|Any CPU.Build.0 = Debug|Any CPU
		{C4ADB4F4-21EA-4DA9-BEF3-D8ED137386A0}.Debug|Mixed Platforms.ActiveCfg = Debug|Any CPU
		{C4ADB4F4-21EA-4DA9-BEF3-D8ED137386A0}.Debug|Mixed Platforms.Build.0 = Debug|Any CPU
		{C4ADB4F4-21EA-4DA9-BEF3-D8ED137386A0}.Debug|x86.ActiveCfg = Debug|Any CPU
		{C4ADB4F4-21EA-4DA9-BEF3-D8ED137386A0}.MailSystem Dev|Any CPU.ActiveCfg = Release|Any CPU
		{C4ADB4F4-21EA-4DA9-BEF3-D8ED137386A0}.MailSystem Dev|Any CPU.Build.0 = Release|Any CPU
		{C4ADB4F4-21EA-4DA9-BEF3-D8ED137386A0}.MailSystem Dev|Mixed Platforms.ActiveCfg = Release|Any CPU
		{C4ADB4F4-21EA-4DA9-BEF3-D8ED137386A0}.MailSystem Dev|Mixed Platforms.Build.0 = Release|Any CPU
		{C4ADB4F4-21EA-4DA9-BEF3-D8ED137386A0}.MailSystem Dev|x86.ActiveCfg = Release|Any CPU
		{C4ADB4F4-21EA-4DA9-BEF3-D8ED137386A0}.Release|Any CPU.ActiveCfg = Release|Any CPU
		{C4ADB4F4-21EA-4DA9-BEF3-D8ED137386A0}.Release|Any CPU.Build.0 = Release|Any CPU
		{C4ADB4F4-21EA-4DA9-BEF3-D8ED137386A0}.Release|Mixed Platforms.ActiveCfg = Release|Any CPU
		{C4ADB4F4-21EA-4DA9-BEF3-D8ED137386A0}.Release|Mixed Platforms.Build.0 = Release|Any CPU
		{C4ADB4F4-21EA-4DA9-BEF3-D8ED137386A0}.Release|x86.ActiveCfg = Release|Any CPU
		{C4ADB4F4-21EA-4DA9-BEF3-D8ED137386A0}.Retail|Any CPU.ActiveCfg = Release|Any CPU
		{C4ADB4F4-21EA-4DA9-BEF3-D8ED137386A0}.Retail|Any CPU.Build.0 = Release|Any CPU
		{C4ADB4F4-21EA-4DA9-BEF3-D8ED137386A0}.Retail|Mixed Platforms.ActiveCfg = Release|Any CPU
		{C4ADB4F4-21EA-4DA9-BEF3-D8ED137386A0}.Retail|Mixed Platforms.Build.0 = Release|Any CPU
		{C4ADB4F4-21EA-4DA9-BEF3-D8ED137386A0}.Retail|x86.ActiveCfg = Release|Any CPU
		{C4ADB4F4-21EA-4DA9-BEF3-D8ED137386A0}.Trial|Any CPU.ActiveCfg = Release|Any CPU
		{C4ADB4F4-21EA-4DA9-BEF3-D8ED137386A0}.Trial|Any CPU.Build.0 = Release|Any CPU
		{C4ADB4F4-21EA-4DA9-BEF3-D8ED137386A0}.Trial|Mixed Platforms.ActiveCfg = Release|Any CPU
		{C4ADB4F4-21EA-4DA9-BEF3-D8ED137386A0}.Trial|Mixed Platforms.Build.0 = Release|Any CPU
		{C4ADB4F4-21EA-4DA9-BEF3-D8ED137386A0}.Trial|x86.ActiveCfg = Release|Any CPU
		{59F8AD24-E614-4796-8360-2161D1D8105B}.Debug|Any CPU.ActiveCfg = Debug|Any CPU
		{59F8AD24-E614-4796-8360-2161D1D8105B}.Debug|Any CPU.Build.0 = Debug|Any CPU
		{59F8AD24-E614-4796-8360-2161D1D8105B}.Debug|Mixed Platforms.ActiveCfg = Debug|Any CPU
		{59F8AD24-E614-4796-8360-2161D1D8105B}.Debug|Mixed Platforms.Build.0 = Debug|Any CPU
		{59F8AD24-E614-4796-8360-2161D1D8105B}.Debug|x86.ActiveCfg = Debug|Any CPU
		{59F8AD24-E614-4796-8360-2161D1D8105B}.MailSystem Dev|Any CPU.ActiveCfg = Release|Any CPU
		{59F8AD24-E614-4796-8360-2161D1D8105B}.MailSystem Dev|Any CPU.Build.0 = Release|Any CPU
		{59F8AD24-E614-4796-8360-2161D1D8105B}.MailSystem Dev|Mixed Platforms.ActiveCfg = Release|Any CPU
		{59F8AD24-E614-4796-8360-2161D1D8105B}.MailSystem Dev|Mixed Platforms.Build.0 = Release|Any CPU
		{59F8AD24-E614-4796-8360-2161D1D8105B}.MailSystem Dev|x86.ActiveCfg = Release|Any CPU
		{59F8AD24-E614-4796-8360-2161D1D8105B}.Release|Any CPU.ActiveCfg = Release|Any CPU
		{59F8AD24-E614-4796-8360-2161D1D8105B}.Release|Any CPU.Build.0 = Release|Any CPU
		{59F8AD24-E614-4796-8360-2161D1D8105B}.Release|Mixed Platforms.ActiveCfg = Release|Any CPU
		{59F8AD24-E614-4796-8360-2161D1D8105B}.Release|Mixed Platforms.Build.0 = Release|Any CPU
		{59F8AD24-E614-4796-8360-2161D1D8105B}.Release|x86.ActiveCfg = Release|Any CPU
		{59F8AD24-E614-4796-8360-2161D1D8105B}.Retail|Any CPU.ActiveCfg = Release|Any CPU
		{59F8AD24-E614-4796-8360-2161D1D8105B}.Retail|Any CPU.Build.0 = Release|Any CPU
		{59F8AD24-E614-4796-8360-2161D1D8105B}.Retail|Mixed Platforms.ActiveCfg = Release|Any CPU
		{59F8AD24-E614-4796-8360-2161D1D8105B}.Retail|Mixed Platforms.Build.0 = Release|Any CPU
		{59F8AD24-E614-4796-8360-2161D1D8105B}.Retail|x86.ActiveCfg = Release|Any CPU
		{59F8AD24-E614-4796-8360-2161D1D8105B}.Trial|Any CPU.ActiveCfg = Release|Any CPU
		{59F8AD24-E614-4796-8360-2161D1D8105B}.Trial|Any CPU.Build.0 = Release|Any CPU
		{59F8AD24-E614-4796-8360-2161D1D8105B}.Trial|Mixed Platforms.ActiveCfg = Release|Any CPU
		{59F8AD24-E614-4796-8360-2161D1D8105B}.Trial|Mixed Platforms.Build.0 = Release|Any CPU
		{59F8AD24-E614-4796-8360-2161D1D8105B}.Trial|x86.ActiveCfg = Release|Any CPU
		{BFF40856-C6A0-42DA-8A9C-165F7AE26024}.Debug|Any CPU.ActiveCfg = Debug|Any CPU
		{BFF40856-C6A0-42DA-8A9C-165F7AE26024}.Debug|Any CPU.Build.0 = Debug|Any CPU
		{BFF40856-C6A0-42DA-8A9C-165F7AE26024}.Debug|Mixed Platforms.ActiveCfg = Debug|Any CPU
		{BFF40856-C6A0-42DA-8A9C-165F7AE26024}.Debug|Mixed Platforms.Build.0 = Debug|Any CPU
		{BFF40856-C6A0-42DA-8A9C-165F7AE26024}.Debug|x86.ActiveCfg = Debug|Any CPU
		{BFF40856-C6A0-42DA-8A9C-165F7AE26024}.MailSystem Dev|Any CPU.ActiveCfg = Release|Any CPU
		{BFF40856-C6A0-42DA-8A9C-165F7AE26024}.MailSystem Dev|Any CPU.Build.0 = Release|Any CPU
		{BFF40856-C6A0-42DA-8A9C-165F7AE26024}.MailSystem Dev|Mixed Platforms.ActiveCfg = Release|Any CPU
		{BFF40856-C6A0-42DA-8A9C-165F7AE26024}.MailSystem Dev|Mixed Platforms.Build.0 = Release|Any CPU
		{BFF40856-C6A0-42DA-8A9C-165F7AE26024}.MailSystem Dev|x86.ActiveCfg = Release|Any CPU
		{BFF40856-C6A0-42DA-8A9C-165F7AE26024}.Release|Any CPU.ActiveCfg = Release|Any CPU
		{BFF40856-C6A0-42DA-8A9C-165F7AE26024}.Release|Any CPU.Build.0 = Release|Any CPU
		{BFF40856-C6A0-42DA-8A9C-165F7AE26024}.Release|Mixed Platforms.ActiveCfg = Release|Any CPU
		{BFF40856-C6A0-42DA-8A9C-165F7AE26024}.Release|Mixed Platforms.Build.0 = Release|Any CPU
		{BFF40856-C6A0-42DA-8A9C-165F7AE26024}.Release|x86.ActiveCfg = Release|Any CPU
		{BFF40856-C6A0-42DA-8A9C-165F7AE26024}.Retail|Any CPU.ActiveCfg = Release|Any CPU
		{BFF40856-C6A0-42DA-8A9C-165F7AE26024}.Retail|Any CPU.Build.0 = Release|Any CPU
		{BFF40856-C6A0-42DA-8A9C-165F7AE26024}.Retail|Mixed Platforms.ActiveCfg = Release|Any CPU
		{BFF40856-C6A0-42DA-8A9C-165F7AE26024}.Retail|Mixed Platforms.Build.0 = Release|Any CPU
		{BFF40856-C6A0-42DA-8A9C-165F7AE26024}.Retail|x86.ActiveCfg = Release|Any CPU
		{BFF40856-C6A0-42DA-8A9C-165F7AE26024}.Trial|Any CPU.ActiveCfg = Release|Any CPU
		{BFF40856-C6A0-42DA-8A9C-165F7AE26024}.Trial|Any CPU.Build.0 = Release|Any CPU
		{BFF40856-C6A0-42DA-8A9C-165F7AE26024}.Trial|Mixed Platforms.ActiveCfg = Release|Any CPU
		{BFF40856-C6A0-42DA-8A9C-165F7AE26024}.Trial|Mixed Platforms.Build.0 = Release|Any CPU
		{BFF40856-C6A0-42DA-8A9C-165F7AE26024}.Trial|x86.ActiveCfg = Release|Any CPU
		{DDD543F9-801A-4F19-8925-DFE269DB0240}.Debug|Any CPU.ActiveCfg = Debug|Any CPU
		{DDD543F9-801A-4F19-8925-DFE269DB0240}.Debug|Any CPU.Build.0 = Debug|Any CPU
		{DDD543F9-801A-4F19-8925-DFE269DB0240}.Debug|Mixed Platforms.ActiveCfg = Debug|Any CPU
		{DDD543F9-801A-4F19-8925-DFE269DB0240}.Debug|Mixed Platforms.Build.0 = Debug|Any CPU
		{DDD543F9-801A-4F19-8925-DFE269DB0240}.Debug|x86.ActiveCfg = Debug|Any CPU
		{DDD543F9-801A-4F19-8925-DFE269DB0240}.MailSystem Dev|Any CPU.ActiveCfg = Release|Any CPU
		{DDD543F9-801A-4F19-8925-DFE269DB0240}.MailSystem Dev|Any CPU.Build.0 = Release|Any CPU
		{DDD543F9-801A-4F19-8925-DFE269DB0240}.MailSystem Dev|Mixed Platforms.ActiveCfg = Release|Any CPU
		{DDD543F9-801A-4F19-8925-DFE269DB0240}.MailSystem Dev|Mixed Platforms.Build.0 = Release|Any CPU
		{DDD543F9-801A-4F19-8925-DFE269DB0240}.MailSystem Dev|x86.ActiveCfg = Release|Any CPU
		{DDD543F9-801A-4F19-8925-DFE269DB0240}.Release|Any CPU.ActiveCfg = Release|Any CPU
		{DDD543F9-801A-4F19-8925-DFE269DB0240}.Release|Any CPU.Build.0 = Release|Any CPU
		{DDD543F9-801A-4F19-8925-DFE269DB0240}.Release|Mixed Platforms.ActiveCfg = Release|Any CPU
		{DDD543F9-801A-4F19-8925-DFE269DB0240}.Release|Mixed Platforms.Build.0 = Release|Any CPU
		{DDD543F9-801A-4F19-8925-DFE269DB0240}.Release|x86.ActiveCfg = Release|Any CPU
		{DDD543F9-801A-4F19-8925-DFE269DB0240}.Retail|Any CPU.ActiveCfg = Release|Any CPU
		{DDD543F9-801A-4F19-8925-DFE269DB0240}.Retail|Any CPU.Build.0 = Release|Any CPU
		{DDD543F9-801A-4F19-8925-DFE269DB0240}.Retail|Mixed Platforms.ActiveCfg = Release|Any CPU
		{DDD543F9-801A-4F19-8925-DFE269DB0240}.Retail|Mixed Platforms.Build.0 = Release|Any CPU
		{DDD543F9-801A-4F19-8925-DFE269DB0240}.Retail|x86.ActiveCfg = Release|Any CPU
		{DDD543F9-801A-4F19-8925-DFE269DB0240}.Trial|Any CPU.ActiveCfg = Release|Any CPU
		{DDD543F9-801A-4F19-8925-DFE269DB0240}.Trial|Any CPU.Build.0 = Release|Any CPU
		{DDD543F9-801A-4F19-8925-DFE269DB0240}.Trial|Mixed Platforms.ActiveCfg = Release|Any CPU
		{DDD543F9-801A-4F19-8925-DFE269DB0240}.Trial|Mixed Platforms.Build.0 = Release|Any CPU
		{DDD543F9-801A-4F19-8925-DFE269DB0240}.Trial|x86.ActiveCfg = Release|Any CPU
		{BDCE53B0-1F96-410F-A6C1-778D0649B572}.Debug|Any CPU.ActiveCfg = Debug|Any CPU
		{BDCE53B0-1F96-410F-A6C1-778D0649B572}.Debug|Any CPU.Build.0 = Debug|Any CPU
		{BDCE53B0-1F96-410F-A6C1-778D0649B572}.Debug|Mixed Platforms.ActiveCfg = Debug|Any CPU
		{BDCE53B0-1F96-410F-A6C1-778D0649B572}.Debug|Mixed Platforms.Build.0 = Debug|Any CPU
		{BDCE53B0-1F96-410F-A6C1-778D0649B572}.Debug|x86.ActiveCfg = Debug|Any CPU
		{BDCE53B0-1F96-410F-A6C1-778D0649B572}.MailSystem Dev|Any CPU.ActiveCfg = Release|Any CPU
		{BDCE53B0-1F96-410F-A6C1-778D0649B572}.MailSystem Dev|Any CPU.Build.0 = Release|Any CPU
		{BDCE53B0-1F96-410F-A6C1-778D0649B572}.MailSystem Dev|Mixed Platforms.ActiveCfg = Release|Any CPU
		{BDCE53B0-1F96-410F-A6C1-778D0649B572}.MailSystem Dev|Mixed Platforms.Build.0 = Release|Any CPU
		{BDCE53B0-1F96-410F-A6C1-778D0649B572}.MailSystem Dev|x86.ActiveCfg = Release|Any CPU
		{BDCE53B0-1F96-410F-A6C1-778D0649B572}.Release|Any CPU.ActiveCfg = Release|Any CPU
		{BDCE53B0-1F96-410F-A6C1-778D0649B572}.Release|Any CPU.Build.0 = Release|Any CPU
		{BDCE53B0-1F96-410F-A6C1-778D0649B572}.Release|Mixed Platforms.ActiveCfg = Release|Any CPU
		{BDCE53B0-1F96-410F-A6C1-778D0649B572}.Release|Mixed Platforms.Build.0 = Release|Any CPU
		{BDCE53B0-1F96-410F-A6C1-778D0649B572}.Release|x86.ActiveCfg = Release|Any CPU
		{BDCE53B0-1F96-410F-A6C1-778D0649B572}.Retail|Any CPU.ActiveCfg = Release|Any CPU
		{BDCE53B0-1F96-410F-A6C1-778D0649B572}.Retail|Any CPU.Build.0 = Release|Any CPU
		{BDCE53B0-1F96-410F-A6C1-778D0649B572}.Retail|Mixed Platforms.ActiveCfg = Release|Any CPU
		{BDCE53B0-1F96-410F-A6C1-778D0649B572}.Retail|Mixed Platforms.Build.0 = Release|Any CPU
		{BDCE53B0-1F96-410F-A6C1-778D0649B572}.Retail|x86.ActiveCfg = Release|Any CPU
		{BDCE53B0-1F96-410F-A6C1-778D0649B572}.Trial|Any CPU.ActiveCfg = Release|Any CPU
		{BDCE53B0-1F96-410F-A6C1-778D0649B572}.Trial|Any CPU.Build.0 = Release|Any CPU
		{BDCE53B0-1F96-410F-A6C1-778D0649B572}.Trial|Mixed Platforms.ActiveCfg = Release|Any CPU
		{BDCE53B0-1F96-410F-A6C1-778D0649B572}.Trial|Mixed Platforms.Build.0 = Release|Any CPU
		{BDCE53B0-1F96-410F-A6C1-778D0649B572}.Trial|x86.ActiveCfg = Release|Any CPU
		{6F6E82AA-6A02-4E95-9DDF-CE7C8BDB7C1C}.Debug|Any CPU.ActiveCfg = Debug|Any CPU
		{6F6E82AA-6A02-4E95-9DDF-CE7C8BDB7C1C}.Debug|Any CPU.Build.0 = Debug|Any CPU
		{6F6E82AA-6A02-4E95-9DDF-CE7C8BDB7C1C}.Debug|Mixed Platforms.ActiveCfg = Debug|Any CPU
		{6F6E82AA-6A02-4E95-9DDF-CE7C8BDB7C1C}.Debug|Mixed Platforms.Build.0 = Debug|Any CPU
		{6F6E82AA-6A02-4E95-9DDF-CE7C8BDB7C1C}.Debug|x86.ActiveCfg = Debug|Any CPU
		{6F6E82AA-6A02-4E95-9DDF-CE7C8BDB7C1C}.MailSystem Dev|Any CPU.ActiveCfg = Release|Any CPU
		{6F6E82AA-6A02-4E95-9DDF-CE7C8BDB7C1C}.MailSystem Dev|Any CPU.Build.0 = Release|Any CPU
		{6F6E82AA-6A02-4E95-9DDF-CE7C8BDB7C1C}.MailSystem Dev|Mixed Platforms.ActiveCfg = Release|Any CPU
		{6F6E82AA-6A02-4E95-9DDF-CE7C8BDB7C1C}.MailSystem Dev|Mixed Platforms.Build.0 = Release|Any CPU
		{6F6E82AA-6A02-4E95-9DDF-CE7C8BDB7C1C}.MailSystem Dev|x86.ActiveCfg = Release|Any CPU
		{6F6E82AA-6A02-4E95-9DDF-CE7C8BDB7C1C}.Release|Any CPU.ActiveCfg = Release|Any CPU
		{6F6E82AA-6A02-4E95-9DDF-CE7C8BDB7C1C}.Release|Any CPU.Build.0 = Release|Any CPU
		{6F6E82AA-6A02-4E95-9DDF-CE7C8BDB7C1C}.Release|Mixed Platforms.ActiveCfg = Release|Any CPU
		{6F6E82AA-6A02-4E95-9DDF-CE7C8BDB7C1C}.Release|Mixed Platforms.Build.0 = Release|Any CPU
		{6F6E82AA-6A02-4E95-9DDF-CE7C8BDB7C1C}.Release|x86.ActiveCfg = Release|Any CPU
		{6F6E82AA-6A02-4E95-9DDF-CE7C8BDB7C1C}.Retail|Any CPU.ActiveCfg = Release|Any CPU
		{6F6E82AA-6A02-4E95-9DDF-CE7C8BDB7C1C}.Retail|Any CPU.Build.0 = Release|Any CPU
		{6F6E82AA-6A02-4E95-9DDF-CE7C8BDB7C1C}.Retail|Mixed Platforms.ActiveCfg = Release|Any CPU
		{6F6E82AA-6A02-4E95-9DDF-CE7C8BDB7C1C}.Retail|Mixed Platforms.Build.0 = Release|Any CPU
		{6F6E82AA-6A02-4E95-9DDF-CE7C8BDB7C1C}.Retail|x86.ActiveCfg = Release|Any CPU
		{6F6E82AA-6A02-4E95-9DDF-CE7C8BDB7C1C}.Trial|Any CPU.ActiveCfg = Release|Any CPU
		{6F6E82AA-6A02-4E95-9DDF-CE7C8BDB7C1C}.Trial|Any CPU.Build.0 = Release|Any CPU
		{6F6E82AA-6A02-4E95-9DDF-CE7C8BDB7C1C}.Trial|Mixed Platforms.ActiveCfg = Release|Any CPU
		{6F6E82AA-6A02-4E95-9DDF-CE7C8BDB7C1C}.Trial|Mixed Platforms.Build.0 = Release|Any CPU
		{6F6E82AA-6A02-4E95-9DDF-CE7C8BDB7C1C}.Trial|x86.ActiveCfg = Release|Any CPU
		{E1C2E738-C4F6-407E-92A4-26A71FF102DA}.Debug|Any CPU.ActiveCfg = Debug|Any CPU
		{E1C2E738-C4F6-407E-92A4-26A71FF102DA}.Debug|Any CPU.Build.0 = Debug|Any CPU
		{E1C2E738-C4F6-407E-92A4-26A71FF102DA}.Debug|Mixed Platforms.ActiveCfg = Debug|Any CPU
		{E1C2E738-C4F6-407E-92A4-26A71FF102DA}.Debug|Mixed Platforms.Build.0 = Debug|Any CPU
		{E1C2E738-C4F6-407E-92A4-26A71FF102DA}.Debug|x86.ActiveCfg = Debug|Any CPU
		{E1C2E738-C4F6-407E-92A4-26A71FF102DA}.MailSystem Dev|Any CPU.ActiveCfg = Release|Any CPU
		{E1C2E738-C4F6-407E-92A4-26A71FF102DA}.MailSystem Dev|Any CPU.Build.0 = Release|Any CPU
		{E1C2E738-C4F6-407E-92A4-26A71FF102DA}.MailSystem Dev|Mixed Platforms.ActiveCfg = Release|Any CPU
		{E1C2E738-C4F6-407E-92A4-26A71FF102DA}.MailSystem Dev|Mixed Platforms.Build.0 = Release|Any CPU
		{E1C2E738-C4F6-407E-92A4-26A71FF102DA}.MailSystem Dev|x86.ActiveCfg = Release|Any CPU
		{E1C2E738-C4F6-407E-92A4-26A71FF102DA}.Release|Any CPU.ActiveCfg = Release|Any CPU
		{E1C2E738-C4F6-407E-92A4-26A71FF102DA}.Release|Any CPU.Build.0 = Release|Any CPU
		{E1C2E738-C4F6-407E-92A4-26A71FF102DA}.Release|Mixed Platforms.ActiveCfg = Release|Any CPU
		{E1C2E738-C4F6-407E-92A4-26A71FF102DA}.Release|Mixed Platforms.Build.0 = Release|Any CPU
		{E1C2E738-C4F6-407E-92A4-26A71FF102DA}.Release|x86.ActiveCfg = Release|Any CPU
		{E1C2E738-C4F6-407E-92A4-26A71FF102DA}.Retail|Any CPU.ActiveCfg = Release|Any CPU
		{E1C2E738-C4F6-407E-92A4-26A71FF102DA}.Retail|Any CPU.Build.0 = Release|Any CPU
		{E1C2E738-C4F6-407E-92A4-26A71FF102DA}.Retail|Mixed Platforms.ActiveCfg = Release|Any CPU
		{E1C2E738-C4F6-407E-92A4-26A71FF102DA}.Retail|Mixed Platforms.Build.0 = Release|Any CPU
		{E1C2E738-C4F6-407E-92A4-26A71FF102DA}.Retail|x86.ActiveCfg = Release|Any CPU
		{E1C2E738-C4F6-407E-92A4-26A71FF102DA}.Trial|Any CPU.ActiveCfg = Release|Any CPU
		{E1C2E738-C4F6-407E-92A4-26A71FF102DA}.Trial|Any CPU.Build.0 = Release|Any CPU
		{E1C2E738-C4F6-407E-92A4-26A71FF102DA}.Trial|Mixed Platforms.ActiveCfg = Release|Any CPU
		{E1C2E738-C4F6-407E-92A4-26A71FF102DA}.Trial|Mixed Platforms.Build.0 = Release|Any CPU
		{E1C2E738-C4F6-407E-92A4-26A71FF102DA}.Trial|x86.ActiveCfg = Release|Any CPU
		{BC737490-209B-4D0D-9EBE-65F299256D12}.Debug|Any CPU.ActiveCfg = Debug|Any CPU
		{BC737490-209B-4D0D-9EBE-65F299256D12}.Debug|Any CPU.Build.0 = Debug|Any CPU
		{BC737490-209B-4D0D-9EBE-65F299256D12}.Debug|Mixed Platforms.ActiveCfg = Debug|Any CPU
		{BC737490-209B-4D0D-9EBE-65F299256D12}.Debug|Mixed Platforms.Build.0 = Debug|Any CPU
		{BC737490-209B-4D0D-9EBE-65F299256D12}.Debug|x86.ActiveCfg = Debug|Any CPU
		{BC737490-209B-4D0D-9EBE-65F299256D12}.MailSystem Dev|Any CPU.ActiveCfg = Release|Any CPU
		{BC737490-209B-4D0D-9EBE-65F299256D12}.MailSystem Dev|Any CPU.Build.0 = Release|Any CPU
		{BC737490-209B-4D0D-9EBE-65F299256D12}.MailSystem Dev|Mixed Platforms.ActiveCfg = Release|Any CPU
		{BC737490-209B-4D0D-9EBE-65F299256D12}.MailSystem Dev|Mixed Platforms.Build.0 = Release|Any CPU
		{BC737490-209B-4D0D-9EBE-65F299256D12}.MailSystem Dev|x86.ActiveCfg = Release|Any CPU
		{BC737490-209B-4D0D-9EBE-65F299256D12}.Release|Any CPU.ActiveCfg = Release|Any CPU
		{BC737490-209B-4D0D-9EBE-65F299256D12}.Release|Any CPU.Build.0 = Release|Any CPU
		{BC737490-209B-4D0D-9EBE-65F299256D12}.Release|Mixed Platforms.ActiveCfg = Release|Any CPU
		{BC737490-209B-4D0D-9EBE-65F299256D12}.Release|Mixed Platforms.Build.0 = Release|Any CPU
		{BC737490-209B-4D0D-9EBE-65F299256D12}.Release|x86.ActiveCfg = Release|Any CPU
		{BC737490-209B-4D0D-9EBE-65F299256D12}.Retail|Any CPU.ActiveCfg = Release|Any CPU
		{BC737490-209B-4D0D-9EBE-65F299256D12}.Retail|Any CPU.Build.0 = Release|Any CPU
		{BC737490-209B-4D0D-9EBE-65F299256D12}.Retail|Mixed Platforms.ActiveCfg = Release|Any CPU
		{BC737490-209B-4D0D-9EBE-65F299256D12}.Retail|Mixed Platforms.Build.0 = Release|Any CPU
		{BC737490-209B-4D0D-9EBE-65F299256D12}.Retail|x86.ActiveCfg = Release|Any CPU
		{BC737490-209B-4D0D-9EBE-65F299256D12}.Trial|Any CPU.ActiveCfg = Release|Any CPU
		{BC737490-209B-4D0D-9EBE-65F299256D12}.Trial|Any CPU.Build.0 = Release|Any CPU
		{BC737490-209B-4D0D-9EBE-65F299256D12}.Trial|Mixed Platforms.ActiveCfg = Release|Any CPU
		{BC737490-209B-4D0D-9EBE-65F299256D12}.Trial|Mixed Platforms.Build.0 = Release|Any CPU
		{BC737490-209B-4D0D-9EBE-65F299256D12}.Trial|x86.ActiveCfg = Release|Any CPU
		{80927DC5-D78A-4B90-A292-69735C1BBE85}.Debug|Any CPU.ActiveCfg = Debug|Any CPU
		{80927DC5-D78A-4B90-A292-69735C1BBE85}.Debug|Any CPU.Build.0 = Debug|Any CPU
		{80927DC5-D78A-4B90-A292-69735C1BBE85}.Debug|Mixed Platforms.ActiveCfg = Debug|Any CPU
		{80927DC5-D78A-4B90-A292-69735C1BBE85}.Debug|Mixed Platforms.Build.0 = Debug|Any CPU
		{80927DC5-D78A-4B90-A292-69735C1BBE85}.Debug|x86.ActiveCfg = Debug|Any CPU
		{80927DC5-D78A-4B90-A292-69735C1BBE85}.MailSystem Dev|Any CPU.ActiveCfg = Release|Any CPU
		{80927DC5-D78A-4B90-A292-69735C1BBE85}.MailSystem Dev|Any CPU.Build.0 = Release|Any CPU
		{80927DC5-D78A-4B90-A292-69735C1BBE85}.MailSystem Dev|Mixed Platforms.ActiveCfg = Release|Any CPU
		{80927DC5-D78A-4B90-A292-69735C1BBE85}.MailSystem Dev|Mixed Platforms.Build.0 = Release|Any CPU
		{80927DC5-D78A-4B90-A292-69735C1BBE85}.MailSystem Dev|x86.ActiveCfg = Release|Any CPU
		{80927DC5-D78A-4B90-A292-69735C1BBE85}.Release|Any CPU.ActiveCfg = Release|Any CPU
		{80927DC5-D78A-4B90-A292-69735C1BBE85}.Release|Any CPU.Build.0 = Release|Any CPU
		{80927DC5-D78A-4B90-A292-69735C1BBE85}.Release|Mixed Platforms.ActiveCfg = Release|Any CPU
		{80927DC5-D78A-4B90-A292-69735C1BBE85}.Release|Mixed Platforms.Build.0 = Release|Any CPU
		{80927DC5-D78A-4B90-A292-69735C1BBE85}.Release|x86.ActiveCfg = Release|Any CPU
		{80927DC5-D78A-4B90-A292-69735C1BBE85}.Retail|Any CPU.ActiveCfg = Release|Any CPU
		{80927DC5-D78A-4B90-A292-69735C1BBE85}.Retail|Any CPU.Build.0 = Release|Any CPU
		{80927DC5-D78A-4B90-A292-69735C1BBE85}.Retail|Mixed Platforms.ActiveCfg = Release|Any CPU
		{80927DC5-D78A-4B90-A292-69735C1BBE85}.Retail|Mixed Platforms.Build.0 = Release|Any CPU
		{80927DC5-D78A-4B90-A292-69735C1BBE85}.Retail|x86.ActiveCfg = Release|Any CPU
		{80927DC5-D78A-4B90-A292-69735C1BBE85}.Trial|Any CPU.ActiveCfg = Release|Any CPU
		{80927DC5-D78A-4B90-A292-69735C1BBE85}.Trial|Any CPU.Build.0 = Release|Any CPU
		{80927DC5-D78A-4B90-A292-69735C1BBE85}.Trial|Mixed Platforms.ActiveCfg = Release|Any CPU
		{80927DC5-D78A-4B90-A292-69735C1BBE85}.Trial|Mixed Platforms.Build.0 = Release|Any CPU
		{80927DC5-D78A-4B90-A292-69735C1BBE85}.Trial|x86.ActiveCfg = Release|Any CPU
	EndGlobalSection
	GlobalSection(SolutionProperties) = preSolution
		HideSolutionNode = FALSE
	EndGlobalSection
	GlobalSection(NestedProjects) = preSolution
		{F689AC7F-F4C0-4F4C-9CB1-A092CA416AAB} = {E1B65AFA-2CDD-445D-996B-ED0F6BAD5757}
		{2455CA56-2B61-4F88-9F92-BDF6B82AF8D5} = {E1B65AFA-2CDD-445D-996B-ED0F6BAD5757}
		{C2504CD2-0D8B-4CDC-9FFB-F377348B1107} = {E1B65AFA-2CDD-445D-996B-ED0F6BAD5757}
		{77742DD2-F292-4B7E-AB50-457453D6B0C8} = {E1B65AFA-2CDD-445D-996B-ED0F6BAD5757}
		{2737ED4F-372C-4DDE-9094-5A7EA06994AF} = {E1B65AFA-2CDD-445D-996B-ED0F6BAD5757}
		{A880C34E-3363-4604-A27D-88DF30F7FE68} = {E1B65AFA-2CDD-445D-996B-ED0F6BAD5757}
		{BC737490-209B-4D0D-9EBE-65F299256D12} = {E1B65AFA-2CDD-445D-996B-ED0F6BAD5757}
		{12DF38ED-C924-48FB-A9C6-C727D2ECBECD} = {3A3FFF37-6AA4-4588-A790-6AA8679E3069}
		{724FAE18-ED6D-4625-AC6B-2A4041A8FC0E} = {3A3FFF37-6AA4-4588-A790-6AA8679E3069}
		{5C871E84-B68B-4A31-826A-D902F5C7FBA1} = {3A3FFF37-6AA4-4588-A790-6AA8679E3069}
		{DA9A0EF4-223A-4C62-96A1-6AD4D65707A6} = {3A3FFF37-6AA4-4588-A790-6AA8679E3069}
		{AC54AD63-6193-4049-B29A-D197771D165B} = {3A3FFF37-6AA4-4588-A790-6AA8679E3069}
		{2A9965DD-1B4B-4254-95E1-6C68EB2D3626} = {3A3FFF37-6AA4-4588-A790-6AA8679E3069}
		{C3A00032-268D-4CEF-BF02-305C5098FCF9} = {C1A7A0AB-EBF4-4C58-A2AB-A43F1FC6EEEA}
		{80B812DB-0FF8-4E98-B37E-A3CE1BF400AF} = {C1A7A0AB-EBF4-4C58-A2AB-A43F1FC6EEEA}
		{407B0B57-E6F1-4B42-9851-82CAE0852160} = {C1A7A0AB-EBF4-4C58-A2AB-A43F1FC6EEEA}
		{A339C265-0C65-4AAF-A2D2-FA870779633C} = {C1A7A0AB-EBF4-4C58-A2AB-A43F1FC6EEEA}
		{C4ADB4F4-21EA-4DA9-BEF3-D8ED137386A0} = {C1A7A0AB-EBF4-4C58-A2AB-A43F1FC6EEEA}
		{A113E506-60E1-41A4-9131-D1787CC1AAD8} = {C1A7A0AB-EBF4-4C58-A2AB-A43F1FC6EEEA}
		{80927DC5-D78A-4B90-A292-69735C1BBE85} = {C1A7A0AB-EBF4-4C58-A2AB-A43F1FC6EEEA}
		{F4021C5F-F2E7-4056-930D-E63579849E5C} = {3C8AE45D-340A-4E54-8AC6-3866E85FED1D}
		{6E973B8B-E867-49D9-89E6-30201CF473E9} = {230AD726-FE0C-4473-9EBE-9709211794C7}
		{204BB520-11E7-4F1B-A833-AE9938E85E5D} = {230AD726-FE0C-4473-9EBE-9709211794C7}
		{7F550D4B-8B0A-4682-AFDA-5FB22472B781} = {230AD726-FE0C-4473-9EBE-9709211794C7}
		{A1085412-3BAD-48B1-A3D2-D25522D42BD3} = {230AD726-FE0C-4473-9EBE-9709211794C7}
		{1040CEC2-FDCE-4E6B-9973-0AFE94F21671} = {230AD726-FE0C-4473-9EBE-9709211794C7}
		{BDCE53B0-1F96-410F-A6C1-778D0649B572} = {230AD726-FE0C-4473-9EBE-9709211794C7}
		{6F6E82AA-6A02-4E95-9DDF-CE7C8BDB7C1C} = {230AD726-FE0C-4473-9EBE-9709211794C7}
		{E1C2E738-C4F6-407E-92A4-26A71FF102DA} = {230AD726-FE0C-4473-9EBE-9709211794C7}
		{BFF40856-C6A0-42DA-8A9C-165F7AE26024} = {0942F661-0751-4F68-BF07-73F4722EDA11}
		{DDD543F9-801A-4F19-8925-DFE269DB0240} = {0942F661-0751-4F68-BF07-73F4722EDA11}
		{59F8AD24-E614-4796-8360-2161D1D8105B} = {0942F661-0751-4F68-BF07-73F4722EDA11}
	EndGlobalSection
	GlobalSection(ExtensibilityGlobals) = postSolution
		EnterpriseLibraryConfigurationToolBinariesPath = packages\Unity.2.1.505.2\lib\NET35
	EndGlobalSection
EndGlobal
